// !$*UTF8*$!
{
	archiveVersion = 1;
	classes = {
	};
	objectVersion = 46;
	objects = {

/* Begin PBXBuildFile section */
		10B66B071B6B6D3F00AF524B /* DeterminedLinePayRecipient.m in Sources */ = {isa = PBXBuildFile; fileRef = 10B66B061B6B6D3F00AF524B /* DeterminedLinePayRecipient.m */; };
		24ADAACF1CEB1F5A0010FA22 /* ItemDetailData.m in Sources */ = {isa = PBXBuildFile; fileRef = 24ADAACE1CEB1F5A0010FA22 /* ItemDetailData.m */; };
		24ADAAD21CEB1F700010FA22 /* ItemDetailRecipient.m in Sources */ = {isa = PBXBuildFile; fileRef = 24ADAAD11CEB1F700010FA22 /* ItemDetailRecipient.m */; };
		370561931ACE2717002E7F1B /* MapKit.framework in Frameworks */ = {isa = PBXBuildFile; fileRef = 370561921ACE2717002E7F1B /* MapKit.framework */; };
		370561951ACE2A00002E7F1B /* CoreLocation.framework in Frameworks */ = {isa = PBXBuildFile; fileRef = 370561941ACE2A00002E7F1B /* CoreLocation.framework */; };
		371941F91AC549700033FBCA /* TitleNameData.m in Sources */ = {isa = PBXBuildFile; fileRef = 371941F81AC549700033FBCA /* TitleNameData.m */; };
		3726E6621C4C9F9900405ED1 /* check_off.png in Resources */ = {isa = PBXBuildFile; fileRef = 3726E6601C4C9F9900405ED1 /* check_off.png */; };
		3726E6631C4C9F9900405ED1 /* check_on.png in Resources */ = {isa = PBXBuildFile; fileRef = 3726E6611C4C9F9900405ED1 /* check_on.png */; };
		3726E66A1C4CA96F00405ED1 /* CheckBoxBtn.m in Sources */ = {isa = PBXBuildFile; fileRef = 3726E6691C4CA96F00405ED1 /* CheckBoxBtn.m */; };
		37566E431C56105D001EA816 /* cart@2x.png in Resources */ = {isa = PBXBuildFile; fileRef = 37566E421C56105D001EA816 /* cart@2x.png */; };
		376A47AD1AADAEC3002A25D3 /* coupon_search@2x.png in Resources */ = {isa = PBXBuildFile; fileRef = 376A47AB1AADAEC3002A25D3 /* coupon_search@2x.png */; };
		376A47AE1AADAEC3002A25D3 /* coupon_use@2x.png in Resources */ = {isa = PBXBuildFile; fileRef = 376A47AC1AADAEC3002A25D3 /* coupon_use@2x.png */; };
		376A47B31AADAEE1002A25D3 /* tab_icon_coupon@2x.png in Resources */ = {isa = PBXBuildFile; fileRef = 376A47AF1AADAEE1002A25D3 /* tab_icon_coupon@2x.png */; };
		376A47B41AADAEE1002A25D3 /* tab_icon_flyer@2x.png in Resources */ = {isa = PBXBuildFile; fileRef = 376A47B01AADAEE1002A25D3 /* tab_icon_flyer@2x.png */; };
		376A47B51AADAEE1002A25D3 /* tab_icon_news@2x.png in Resources */ = {isa = PBXBuildFile; fileRef = 376A47B11AADAEE1002A25D3 /* tab_icon_news@2x.png */; };
		376A47B61AADAEE1002A25D3 /* tab_icon_shopping@2x.png in Resources */ = {isa = PBXBuildFile; fileRef = 376A47B21AADAEE1002A25D3 /* tab_icon_shopping@2x.png */; };
		376A4EE91BF48800001B9537 /* btn_close@2x.png in Resources */ = {isa = PBXBuildFile; fileRef = 376A4EE81BF48800001B9537 /* btn_close@2x.png */; };
		377F40F31C5C7FA700C7D2C0 /* btn_back@2x.png in Resources */ = {isa = PBXBuildFile; fileRef = 377F40F21C5C7FA700C7D2C0 /* btn_back@2x.png */; };
		377F40F51C5C7FAF00C7D2C0 /* btn_next@2x.png in Resources */ = {isa = PBXBuildFile; fileRef = 377F40F41C5C7FAF00C7D2C0 /* btn_next@2x.png */; };
		377F40F71C5C80D600C7D2C0 /* btn_reload@2x.png in Resources */ = {isa = PBXBuildFile; fileRef = 377F40F61C5C80D600C7D2C0 /* btn_reload@2x.png */; };
		378F31821AC533AA0068224A /* news_01.png in Resources */ = {isa = PBXBuildFile; fileRef = 378F317F1AC533AA0068224A /* news_01.png */; };
		378F31831AC533AA0068224A /* news_02.png in Resources */ = {isa = PBXBuildFile; fileRef = 378F31801AC533AA0068224A /* news_02.png */; };
		378F31841AC533AA0068224A /* news_03.png in Resources */ = {isa = PBXBuildFile; fileRef = 378F31811AC533AA0068224A /* news_03.png */; };
		3791297E1AB2DC45001237C7 /* ThemeData.m in Sources */ = {isa = PBXBuildFile; fileRef = 3791297D1AB2DC45001237C7 /* ThemeData.m */; };
		37949A6A1ABA8D4B002E5194 /* WebViewSettingData.m in Sources */ = {isa = PBXBuildFile; fileRef = 37949A691ABA8D4B002E5194 /* WebViewSettingData.m */; };
		37949A701ABA9670002E5194 /* backBtn.png in Resources */ = {isa = PBXBuildFile; fileRef = 37949A6C1ABA9670002E5194 /* backBtn.png */; };
		37949A711ABA9670002E5194 /* backBtn@2x.png in Resources */ = {isa = PBXBuildFile; fileRef = 37949A6D1ABA9670002E5194 /* backBtn@2x.png */; };
		37949A721ABA9670002E5194 /* nextBtn.png in Resources */ = {isa = PBXBuildFile; fileRef = 37949A6E1ABA9670002E5194 /* nextBtn.png */; };
		37949A731ABA9670002E5194 /* nextBtn@2x.png in Resources */ = {isa = PBXBuildFile; fileRef = 37949A6F1ABA9670002E5194 /* nextBtn@2x.png */; };
		37949AA31ABFEEAE002E5194 /* BaseInputCell.m in Sources */ = {isa = PBXBuildFile; fileRef = 37949AA21ABFEEAE002E5194 /* BaseInputCell.m */; };
		37949AA41AC01BF6002E5194 /* MonthAndDatePickerViewController.xib in Resources */ = {isa = PBXBuildFile; fileRef = 37E3EB131AA45F8C00EA7CB9 /* MonthAndDatePickerViewController.xib */; };
		37D758451AB1743800E6B421 /* Social.framework in Frameworks */ = {isa = PBXBuildFile; fileRef = 37D758441AB1743800E6B421 /* Social.framework */; };
		37D758471AB175AF00E6B421 /* Accounts.framework in Frameworks */ = {isa = PBXBuildFile; fileRef = 37D758461AB175AF00E6B421 /* Accounts.framework */; };
		37D758551AB296CB00E6B421 /* AlertView.m in Sources */ = {isa = PBXBuildFile; fileRef = 37D758541AB296CB00E6B421 /* AlertView.m */; };
		37E3EA581AA45F6800EA7CB9 /* main.m in Sources */ = {isa = PBXBuildFile; fileRef = 37E3EA571AA45F6800EA7CB9 /* main.m */; };
		37E3EA5B1AA45F6800EA7CB9 /* AppDelegate.m in Sources */ = {isa = PBXBuildFile; fileRef = 37E3EA5A1AA45F6800EA7CB9 /* AppDelegate.m */; };
		37E3EA631AA45F6800EA7CB9 /* Images.xcassets in Resources */ = {isa = PBXBuildFile; fileRef = 37E3EA621AA45F6800EA7CB9 /* Images.xcassets */; };
		37E3EA721AA45F6800EA7CB9 /* pieceSampleTests.m in Sources */ = {isa = PBXBuildFile; fileRef = 37E3EA711AA45F6800EA7CB9 /* pieceSampleTests.m */; };
		37E3EB561AA45F8C00EA7CB9 /* CategoryData.m in Sources */ = {isa = PBXBuildFile; fileRef = 37E3EA7F1AA45F8C00EA7CB9 /* CategoryData.m */; };
		37E3EB571AA45F8C00EA7CB9 /* CouponData.m in Sources */ = {isa = PBXBuildFile; fileRef = 37E3EA821AA45F8C00EA7CB9 /* CouponData.m */; };
		37E3EB591AA45F8C00EA7CB9 /* FlyerBodyData.m in Sources */ = {isa = PBXBuildFile; fileRef = 37E3EA881AA45F8C00EA7CB9 /* FlyerBodyData.m */; };
		37E3EB5A1AA45F8C00EA7CB9 /* FlyerHeaderData.m in Sources */ = {isa = PBXBuildFile; fileRef = 37E3EA8A1AA45F8C00EA7CB9 /* FlyerHeaderData.m */; };
		37E3EB5B1AA45F8C00EA7CB9 /* FlyerItemData.m in Sources */ = {isa = PBXBuildFile; fileRef = 37E3EA8C1AA45F8C00EA7CB9 /* FlyerItemData.m */; };
		37E3EB5F1AA45F8C00EA7CB9 /* InfoListData.m in Sources */ = {isa = PBXBuildFile; fileRef = 37E3EA961AA45F8C00EA7CB9 /* InfoListData.m */; };
		37E3EB601AA45F8C00EA7CB9 /* ItemData.m in Sources */ = {isa = PBXBuildFile; fileRef = 37E3EA991AA45F8C00EA7CB9 /* ItemData.m */; };
		37E3EB641AA45F8C00EA7CB9 /* TabbarData.m in Sources */ = {isa = PBXBuildFile; fileRef = 37E3EAA51AA45F8C00EA7CB9 /* TabbarData.m */; };
		37E3EB651AA45F8C00EA7CB9 /* CabinSketch-Bold.otf in Resources */ = {isa = PBXBuildFile; fileRef = 37E3EAA71AA45F8C00EA7CB9 /* CabinSketch-Bold.otf */; };
		37E3EB661AA45F8C00EA7CB9 /* CabinSketch-Regular.otf in Resources */ = {isa = PBXBuildFile; fileRef = 37E3EAA81AA45F8C00EA7CB9 /* CabinSketch-Regular.otf */; };
		37E3EB671AA45F8C00EA7CB9 /* BaseRecipient.m in Sources */ = {isa = PBXBuildFile; fileRef = 37E3EAAC1AA45F8C00EA7CB9 /* BaseRecipient.m */; };
		37E3EB681AA45F8C00EA7CB9 /* CategoryRecipient.m in Sources */ = {isa = PBXBuildFile; fileRef = 37E3EAAE1AA45F8C00EA7CB9 /* CategoryRecipient.m */; };
		37E3EB6A1AA45F8C00EA7CB9 /* CouponRecipient.m in Sources */ = {isa = PBXBuildFile; fileRef = 37E3EAB21AA45F8C00EA7CB9 /* CouponRecipient.m */; };
		37E3EB6C1AA45F8C00EA7CB9 /* FlyerRecipient.m in Sources */ = {isa = PBXBuildFile; fileRef = 37E3EAB61AA45F8C00EA7CB9 /* FlyerRecipient.m */; };
		37E3EB6D1AA45F8C00EA7CB9 /* InfoRecipient.m in Sources */ = {isa = PBXBuildFile; fileRef = 37E3EAB81AA45F8C00EA7CB9 /* InfoRecipient.m */; };
		37E3EB6E1AA45F8C00EA7CB9 /* ItemRecipient.m in Sources */ = {isa = PBXBuildFile; fileRef = 37E3EABA1AA45F8C00EA7CB9 /* ItemRecipient.m */; };
		37E3EB6F1AA45F8C00EA7CB9 /* NewsRecipient.m in Sources */ = {isa = PBXBuildFile; fileRef = 37E3EABC1AA45F8C00EA7CB9 /* NewsRecipient.m */; };
		37E3EB721AA45F8C00EA7CB9 /* Common.m in Sources */ = {isa = PBXBuildFile; fileRef = 37E3EAC31AA45F8C00EA7CB9 /* Common.m */; };
		37E3EB731AA45F8C00EA7CB9 /* PieceCoreConfig.m in Sources */ = {isa = PBXBuildFile; fileRef = 37E3EAC61AA45F8C00EA7CB9 /* PieceCoreConfig.m */; };
		37E3EB741AA45F8C00EA7CB9 /* CoreDelegate.m in Sources */ = {isa = PBXBuildFile; fileRef = 37E3EAC91AA45F8C00EA7CB9 /* CoreDelegate.m */; };
		37E3EB751AA45F8C00EA7CB9 /* NetworkConecter.m in Sources */ = {isa = PBXBuildFile; fileRef = 37E3EACE1AA45F8C00EA7CB9 /* NetworkConecter.m */; };
		37E3EB761AA45F8C00EA7CB9 /* coupon_get_btn.png in Resources */ = {isa = PBXBuildFile; fileRef = 37E3EAD01AA45F8C00EA7CB9 /* coupon_get_btn.png */; };
		37E3EB811AA45F8C00EA7CB9 /* sample_logo.png in Resources */ = {isa = PBXBuildFile; fileRef = 37E3EADD1AA45F8C00EA7CB9 /* sample_logo.png */; };
		37E3EB851AA45F8C00EA7CB9 /* tab_icon_coupon.png in Resources */ = {isa = PBXBuildFile; fileRef = 37E3EAE31AA45F8C00EA7CB9 /* tab_icon_coupon.png */; };
		37E3EB871AA45F8C00EA7CB9 /* tab_icon_flyer.png in Resources */ = {isa = PBXBuildFile; fileRef = 37E3EAE51AA45F8C00EA7CB9 /* tab_icon_flyer.png */; };
		37E3EB8B1AA45F8C00EA7CB9 /* tab_icon_news.png in Resources */ = {isa = PBXBuildFile; fileRef = 37E3EAE91AA45F8C00EA7CB9 /* tab_icon_news.png */; };
		37E3EB8D1AA45F8C00EA7CB9 /* tab_icon_shopping.png in Resources */ = {isa = PBXBuildFile; fileRef = 37E3EAEB1AA45F8C00EA7CB9 /* tab_icon_shopping.png */; };
		37E3EB951AA45F8C00EA7CB9 /* RoundBtn.m in Sources */ = {isa = PBXBuildFile; fileRef = 37E3EAF81AA45F8C00EA7CB9 /* RoundBtn.m */; };
		37E3EB961AA45F8C00EA7CB9 /* RoundView.m in Sources */ = {isa = PBXBuildFile; fileRef = 37E3EAFA1AA45F8C00EA7CB9 /* RoundView.m */; };
		37E3EB991AA45F8C00EA7CB9 /* BaseViewController.m in Sources */ = {isa = PBXBuildFile; fileRef = 37E3EB021AA45F8C00EA7CB9 /* BaseViewController.m */; };
		37E3EB9A1AA45F8C00EA7CB9 /* TabbarViewController.m in Sources */ = {isa = PBXBuildFile; fileRef = 37E3EB041AA45F8C00EA7CB9 /* TabbarViewController.m */; };
		37E3EB9B1AA45F8C00EA7CB9 /* CategoryViewController.m in Sources */ = {isa = PBXBuildFile; fileRef = 37E3EB071AA45F8C00EA7CB9 /* CategoryViewController.m */; };
		37E3EB9C1AA45F8C00EA7CB9 /* CategoryViewController.xib in Resources */ = {isa = PBXBuildFile; fileRef = 37E3EB081AA45F8C00EA7CB9 /* CategoryViewController.xib */; };
		37E3EB9D1AA45F8C00EA7CB9 /* CouponViewController.m in Sources */ = {isa = PBXBuildFile; fileRef = 37E3EB0B1AA45F8C00EA7CB9 /* CouponViewController.m */; };
		37E3EB9E1AA45F8C00EA7CB9 /* CouponViewController.xib in Resources */ = {isa = PBXBuildFile; fileRef = 37E3EB0C1AA45F8C00EA7CB9 /* CouponViewController.xib */; };
		37E3EB9F1AA45F8C00EA7CB9 /* DatePickerViewController.m in Sources */ = {isa = PBXBuildFile; fileRef = 37E3EB0F1AA45F8C00EA7CB9 /* DatePickerViewController.m */; };
		37E3EBA01AA45F8C00EA7CB9 /* DatePickerViewController.xib in Resources */ = {isa = PBXBuildFile; fileRef = 37E3EB101AA45F8C00EA7CB9 /* DatePickerViewController.xib */; };
		37E3EBA11AA45F8C00EA7CB9 /* MonthAndDatePickerViewController.m in Sources */ = {isa = PBXBuildFile; fileRef = 37E3EB121AA45F8C00EA7CB9 /* MonthAndDatePickerViewController.m */; };
		37E3EBA31AA45F8C00EA7CB9 /* SinglePickerViewController.m in Sources */ = {isa = PBXBuildFile; fileRef = 37E3EB151AA45F8C00EA7CB9 /* SinglePickerViewController.m */; };
		37E3EBA41AA45F8C00EA7CB9 /* SinglePickerViewController.xib in Resources */ = {isa = PBXBuildFile; fileRef = 37E3EB161AA45F8C00EA7CB9 /* SinglePickerViewController.xib */; };
		37E3EBA71AA45F8C00EA7CB9 /* FlyerViewController.m in Sources */ = {isa = PBXBuildFile; fileRef = 37E3EB1D1AA45F8C00EA7CB9 /* FlyerViewController.m */; };
		37E3EBA81AA45F8C00EA7CB9 /* FlyerViewController.xib in Resources */ = {isa = PBXBuildFile; fileRef = 37E3EB1E1AA45F8C00EA7CB9 /* FlyerViewController.xib */; };
		37E3EBAD1AA45F8C00EA7CB9 /* InfoListViewController.m in Sources */ = {isa = PBXBuildFile; fileRef = 37E3EB281AA45F8C00EA7CB9 /* InfoListViewController.m */; };
		37E3EBAE1AA45F8C00EA7CB9 /* InfoListViewController.xib in Resources */ = {isa = PBXBuildFile; fileRef = 37E3EB291AA45F8C00EA7CB9 /* InfoListViewController.xib */; };
		37E3EBAF1AA45F8C00EA7CB9 /* NewsViewController.m in Sources */ = {isa = PBXBuildFile; fileRef = 37E3EB2B1AA45F8C00EA7CB9 /* NewsViewController.m */; };
		37E3EBB01AA45F8C00EA7CB9 /* NewsViewController.xib in Resources */ = {isa = PBXBuildFile; fileRef = 37E3EB2C1AA45F8C00EA7CB9 /* NewsViewController.xib */; };
		37E3EBB11AA45F8C00EA7CB9 /* ItemListViewController.m in Sources */ = {isa = PBXBuildFile; fileRef = 37E3EB2F1AA45F8C00EA7CB9 /* ItemListViewController.m */; };
		37E3EBB21AA45F8C00EA7CB9 /* ItemListViewController.xib in Resources */ = {isa = PBXBuildFile; fileRef = 37E3EB301AA45F8C00EA7CB9 /* ItemListViewController.xib */; };
		37E3EBB31AA45F8C00EA7CB9 /* WebViewController.m in Sources */ = {isa = PBXBuildFile; fileRef = 37E3EB321AA45F8C00EA7CB9 /* WebViewController.m */; };
		37E3EBB41AA45F8C00EA7CB9 /* WebViewController.xib in Resources */ = {isa = PBXBuildFile; fileRef = 37E3EB331AA45F8C00EA7CB9 /* WebViewController.xib */; };
		37E68D501BECD8D200F214EF /* AssetsLibrary.framework in Frameworks */ = {isa = PBXBuildFile; fileRef = 37E68D4F1BECD8D200F214EF /* AssetsLibrary.framework */; };
		7454BDCE1C7D67680095F0E5 /* GoogleService-Info.plist in Resources */ = {isa = PBXBuildFile; fileRef = 7454BDCD1C7D67680095F0E5 /* GoogleService-Info.plist */; };
		A80D6901D867FDB082A81EE8 /* libPods-pieceSample.a in Frameworks */ = {isa = PBXBuildFile; fileRef = FAF53CB87D11317D20C2D7DF /* libPods-pieceSample.a */; };
/* End PBXBuildFile section */

/* Begin PBXContainerItemProxy section */
		37E3EA6C1AA45F6800EA7CB9 /* PBXContainerItemProxy */ = {
			isa = PBXContainerItemProxy;
			containerPortal = 37E3EA4A1AA45F6800EA7CB9 /* Project object */;
			proxyType = 1;
			remoteGlobalIDString = 37E3EA511AA45F6800EA7CB9;
			remoteInfo = pieceSample;
		};
/* End PBXContainerItemProxy section */

/* Begin PBXFileReference section */
		0B2EB3020702E5D1A5D8492F /* Pods.release.xcconfig */ = {isa = PBXFileReference; includeInIndex = 1; lastKnownFileType = text.xcconfig; name = Pods.release.xcconfig; path = "Pods/Target Support Files/Pods/Pods.release.xcconfig"; sourceTree = "<group>"; };
		10B66B051B6B6D3F00AF524B /* DeterminedLinePayRecipient.h */ = {isa = PBXFileReference; fileEncoding = 4; lastKnownFileType = sourcecode.c.h; path = DeterminedLinePayRecipient.h; sourceTree = "<group>"; };
		10B66B061B6B6D3F00AF524B /* DeterminedLinePayRecipient.m */ = {isa = PBXFileReference; fileEncoding = 4; lastKnownFileType = sourcecode.c.objc; path = DeterminedLinePayRecipient.m; sourceTree = "<group>"; };
		24ADAACD1CEB1F5A0010FA22 /* ItemDetailData.h */ = {isa = PBXFileReference; fileEncoding = 4; lastKnownFileType = sourcecode.c.h; path = ItemDetailData.h; sourceTree = "<group>"; };
		24ADAACE1CEB1F5A0010FA22 /* ItemDetailData.m */ = {isa = PBXFileReference; fileEncoding = 4; lastKnownFileType = sourcecode.c.objc; path = ItemDetailData.m; sourceTree = "<group>"; };
		24ADAAD01CEB1F700010FA22 /* ItemDetailRecipient.h */ = {isa = PBXFileReference; fileEncoding = 4; lastKnownFileType = sourcecode.c.h; path = ItemDetailRecipient.h; sourceTree = "<group>"; };
		24ADAAD11CEB1F700010FA22 /* ItemDetailRecipient.m */ = {isa = PBXFileReference; fileEncoding = 4; lastKnownFileType = sourcecode.c.objc; path = ItemDetailRecipient.m; sourceTree = "<group>"; };
		370561921ACE2717002E7F1B /* MapKit.framework */ = {isa = PBXFileReference; lastKnownFileType = wrapper.framework; name = MapKit.framework; path = System/Library/Frameworks/MapKit.framework; sourceTree = SDKROOT; };
		370561941ACE2A00002E7F1B /* CoreLocation.framework */ = {isa = PBXFileReference; lastKnownFileType = wrapper.framework; name = CoreLocation.framework; path = System/Library/Frameworks/CoreLocation.framework; sourceTree = SDKROOT; };
		371941F71AC549700033FBCA /* TitleNameData.h */ = {isa = PBXFileReference; fileEncoding = 4; lastKnownFileType = sourcecode.c.h; path = TitleNameData.h; sourceTree = "<group>"; };
		371941F81AC549700033FBCA /* TitleNameData.m */ = {isa = PBXFileReference; fileEncoding = 4; lastKnownFileType = sourcecode.c.objc; path = TitleNameData.m; sourceTree = "<group>"; };
		3726E6601C4C9F9900405ED1 /* check_off.png */ = {isa = PBXFileReference; lastKnownFileType = image.png; path = check_off.png; sourceTree = "<group>"; };
		3726E6611C4C9F9900405ED1 /* check_on.png */ = {isa = PBXFileReference; lastKnownFileType = image.png; path = check_on.png; sourceTree = "<group>"; };
		3726E6681C4CA96F00405ED1 /* CheckBoxBtn.h */ = {isa = PBXFileReference; fileEncoding = 4; lastKnownFileType = sourcecode.c.h; path = CheckBoxBtn.h; sourceTree = "<group>"; };
		3726E6691C4CA96F00405ED1 /* CheckBoxBtn.m */ = {isa = PBXFileReference; fileEncoding = 4; lastKnownFileType = sourcecode.c.objc; path = CheckBoxBtn.m; sourceTree = "<group>"; };
		37566E421C56105D001EA816 /* cart@2x.png */ = {isa = PBXFileReference; lastKnownFileType = image.png; path = "cart@2x.png"; sourceTree = "<group>"; };
		376A47AB1AADAEC3002A25D3 /* coupon_search@2x.png */ = {isa = PBXFileReference; lastKnownFileType = image.png; path = "coupon_search@2x.png"; sourceTree = "<group>"; };
		376A47AC1AADAEC3002A25D3 /* coupon_use@2x.png */ = {isa = PBXFileReference; lastKnownFileType = image.png; path = "coupon_use@2x.png"; sourceTree = "<group>"; };
		376A47AF1AADAEE1002A25D3 /* tab_icon_coupon@2x.png */ = {isa = PBXFileReference; lastKnownFileType = image.png; path = "tab_icon_coupon@2x.png"; sourceTree = "<group>"; };
		376A47B01AADAEE1002A25D3 /* tab_icon_flyer@2x.png */ = {isa = PBXFileReference; lastKnownFileType = image.png; path = "tab_icon_flyer@2x.png"; sourceTree = "<group>"; };
		376A47B11AADAEE1002A25D3 /* tab_icon_news@2x.png */ = {isa = PBXFileReference; lastKnownFileType = image.png; path = "tab_icon_news@2x.png"; sourceTree = "<group>"; };
		376A47B21AADAEE1002A25D3 /* tab_icon_shopping@2x.png */ = {isa = PBXFileReference; lastKnownFileType = image.png; path = "tab_icon_shopping@2x.png"; sourceTree = "<group>"; };
		376A4EE81BF48800001B9537 /* btn_close@2x.png */ = {isa = PBXFileReference; lastKnownFileType = image.png; path = "btn_close@2x.png"; sourceTree = "<group>"; };
		377F40F21C5C7FA700C7D2C0 /* btn_back@2x.png */ = {isa = PBXFileReference; lastKnownFileType = image.png; path = "btn_back@2x.png"; sourceTree = "<group>"; };
		377F40F41C5C7FAF00C7D2C0 /* btn_next@2x.png */ = {isa = PBXFileReference; lastKnownFileType = image.png; path = "btn_next@2x.png"; sourceTree = "<group>"; };
		377F40F61C5C80D600C7D2C0 /* btn_reload@2x.png */ = {isa = PBXFileReference; lastKnownFileType = image.png; path = "btn_reload@2x.png"; sourceTree = "<group>"; };
		378F317F1AC533AA0068224A /* news_01.png */ = {isa = PBXFileReference; lastKnownFileType = image.png; path = news_01.png; sourceTree = "<group>"; };
		378F31801AC533AA0068224A /* news_02.png */ = {isa = PBXFileReference; lastKnownFileType = image.png; path = news_02.png; sourceTree = "<group>"; };
		378F31811AC533AA0068224A /* news_03.png */ = {isa = PBXFileReference; lastKnownFileType = image.png; path = news_03.png; sourceTree = "<group>"; };
		3791297C1AB2DC45001237C7 /* ThemeData.h */ = {isa = PBXFileReference; fileEncoding = 4; lastKnownFileType = sourcecode.c.h; path = ThemeData.h; sourceTree = "<group>"; };
		3791297D1AB2DC45001237C7 /* ThemeData.m */ = {isa = PBXFileReference; fileEncoding = 4; lastKnownFileType = sourcecode.c.objc; path = ThemeData.m; sourceTree = "<group>"; };
		37949A681ABA8D4B002E5194 /* WebViewSettingData.h */ = {isa = PBXFileReference; fileEncoding = 4; lastKnownFileType = sourcecode.c.h; path = WebViewSettingData.h; sourceTree = "<group>"; };
		37949A691ABA8D4B002E5194 /* WebViewSettingData.m */ = {isa = PBXFileReference; fileEncoding = 4; lastKnownFileType = sourcecode.c.objc; path = WebViewSettingData.m; sourceTree = "<group>"; };
		37949A6C1ABA9670002E5194 /* backBtn.png */ = {isa = PBXFileReference; lastKnownFileType = image.png; path = backBtn.png; sourceTree = "<group>"; };
		37949A6D1ABA9670002E5194 /* backBtn@2x.png */ = {isa = PBXFileReference; lastKnownFileType = image.png; path = "backBtn@2x.png"; sourceTree = "<group>"; };
		37949A6E1ABA9670002E5194 /* nextBtn.png */ = {isa = PBXFileReference; lastKnownFileType = image.png; path = nextBtn.png; sourceTree = "<group>"; };
		37949A6F1ABA9670002E5194 /* nextBtn@2x.png */ = {isa = PBXFileReference; lastKnownFileType = image.png; path = "nextBtn@2x.png"; sourceTree = "<group>"; };
		37949AA11ABFEEAE002E5194 /* BaseInputCell.h */ = {isa = PBXFileReference; fileEncoding = 4; lastKnownFileType = sourcecode.c.h; path = BaseInputCell.h; sourceTree = "<group>"; };
		37949AA21ABFEEAE002E5194 /* BaseInputCell.m */ = {isa = PBXFileReference; fileEncoding = 4; lastKnownFileType = sourcecode.c.objc; path = BaseInputCell.m; sourceTree = "<group>"; };
		3795A0C91DF52E31008B424D /* pieceSample.entitlements */ = {isa = PBXFileReference; lastKnownFileType = text.plist.entitlements; path = pieceSample.entitlements; sourceTree = "<group>"; };
		37D758441AB1743800E6B421 /* Social.framework */ = {isa = PBXFileReference; lastKnownFileType = wrapper.framework; name = Social.framework; path = System/Library/Frameworks/Social.framework; sourceTree = SDKROOT; };
		37D758461AB175AF00E6B421 /* Accounts.framework */ = {isa = PBXFileReference; lastKnownFileType = wrapper.framework; name = Accounts.framework; path = System/Library/Frameworks/Accounts.framework; sourceTree = SDKROOT; };
		37D758531AB296CB00E6B421 /* AlertView.h */ = {isa = PBXFileReference; fileEncoding = 4; lastKnownFileType = sourcecode.c.h; path = AlertView.h; sourceTree = "<group>"; };
		37D758541AB296CB00E6B421 /* AlertView.m */ = {isa = PBXFileReference; fileEncoding = 4; lastKnownFileType = sourcecode.c.objc; path = AlertView.m; sourceTree = "<group>"; };
		37E3EA521AA45F6800EA7CB9 /* pieceSample.app */ = {isa = PBXFileReference; explicitFileType = wrapper.application; includeInIndex = 0; path = pieceSample.app; sourceTree = BUILT_PRODUCTS_DIR; };
		37E3EA561AA45F6800EA7CB9 /* Info.plist */ = {isa = PBXFileReference; lastKnownFileType = text.plist.xml; path = Info.plist; sourceTree = "<group>"; };
		37E3EA571AA45F6800EA7CB9 /* main.m */ = {isa = PBXFileReference; lastKnownFileType = sourcecode.c.objc; path = main.m; sourceTree = "<group>"; };
		37E3EA591AA45F6800EA7CB9 /* AppDelegate.h */ = {isa = PBXFileReference; lastKnownFileType = sourcecode.c.h; path = AppDelegate.h; sourceTree = "<group>"; };
		37E3EA5A1AA45F6800EA7CB9 /* AppDelegate.m */ = {isa = PBXFileReference; lastKnownFileType = sourcecode.c.objc; path = AppDelegate.m; sourceTree = "<group>"; };
		37E3EA601AA45F6800EA7CB9 /* Base */ = {isa = PBXFileReference; lastKnownFileType = file.storyboard; name = Base; path = Base.lproj/Main.storyboard; sourceTree = "<group>"; };
		37E3EA621AA45F6800EA7CB9 /* Images.xcassets */ = {isa = PBXFileReference; lastKnownFileType = folder.assetcatalog; path = Images.xcassets; sourceTree = "<group>"; };
		37E3EA651AA45F6800EA7CB9 /* Base */ = {isa = PBXFileReference; lastKnownFileType = file.xib; name = Base; path = Base.lproj/LaunchScreen.xib; sourceTree = "<group>"; };
		37E3EA6B1AA45F6800EA7CB9 /* pieceSampleTests.xctest */ = {isa = PBXFileReference; explicitFileType = wrapper.cfbundle; includeInIndex = 0; path = pieceSampleTests.xctest; sourceTree = BUILT_PRODUCTS_DIR; };
		37E3EA701AA45F6800EA7CB9 /* Info.plist */ = {isa = PBXFileReference; lastKnownFileType = text.plist.xml; path = Info.plist; sourceTree = "<group>"; };
		37E3EA711AA45F6800EA7CB9 /* pieceSampleTests.m */ = {isa = PBXFileReference; lastKnownFileType = sourcecode.c.objc; path = pieceSampleTests.m; sourceTree = "<group>"; };
		37E3EA7E1AA45F8C00EA7CB9 /* CategoryData.h */ = {isa = PBXFileReference; fileEncoding = 4; lastKnownFileType = sourcecode.c.h; path = CategoryData.h; sourceTree = "<group>"; };
		37E3EA7F1AA45F8C00EA7CB9 /* CategoryData.m */ = {isa = PBXFileReference; fileEncoding = 4; lastKnownFileType = sourcecode.c.objc; path = CategoryData.m; sourceTree = "<group>"; };
		37E3EA811AA45F8C00EA7CB9 /* CouponData.h */ = {isa = PBXFileReference; fileEncoding = 4; lastKnownFileType = sourcecode.c.h; path = CouponData.h; sourceTree = "<group>"; };
		37E3EA821AA45F8C00EA7CB9 /* CouponData.m */ = {isa = PBXFileReference; fileEncoding = 4; lastKnownFileType = sourcecode.c.objc; path = CouponData.m; sourceTree = "<group>"; };
		37E3EA871AA45F8C00EA7CB9 /* FlyerBodyData.h */ = {isa = PBXFileReference; fileEncoding = 4; lastKnownFileType = sourcecode.c.h; path = FlyerBodyData.h; sourceTree = "<group>"; };
		37E3EA881AA45F8C00EA7CB9 /* FlyerBodyData.m */ = {isa = PBXFileReference; fileEncoding = 4; lastKnownFileType = sourcecode.c.objc; path = FlyerBodyData.m; sourceTree = "<group>"; };
		37E3EA891AA45F8C00EA7CB9 /* FlyerHeaderData.h */ = {isa = PBXFileReference; fileEncoding = 4; lastKnownFileType = sourcecode.c.h; path = FlyerHeaderData.h; sourceTree = "<group>"; };
		37E3EA8A1AA45F8C00EA7CB9 /* FlyerHeaderData.m */ = {isa = PBXFileReference; fileEncoding = 4; lastKnownFileType = sourcecode.c.objc; path = FlyerHeaderData.m; sourceTree = "<group>"; };
		37E3EA8B1AA45F8C00EA7CB9 /* FlyerItemData.h */ = {isa = PBXFileReference; fileEncoding = 4; lastKnownFileType = sourcecode.c.h; path = FlyerItemData.h; sourceTree = "<group>"; };
		37E3EA8C1AA45F8C00EA7CB9 /* FlyerItemData.m */ = {isa = PBXFileReference; fileEncoding = 4; lastKnownFileType = sourcecode.c.objc; path = FlyerItemData.m; sourceTree = "<group>"; };
		37E3EA951AA45F8C00EA7CB9 /* InfoListData.h */ = {isa = PBXFileReference; fileEncoding = 4; lastKnownFileType = sourcecode.c.h; path = InfoListData.h; sourceTree = "<group>"; };
		37E3EA961AA45F8C00EA7CB9 /* InfoListData.m */ = {isa = PBXFileReference; fileEncoding = 4; lastKnownFileType = sourcecode.c.objc; path = InfoListData.m; sourceTree = "<group>"; };
		37E3EA981AA45F8C00EA7CB9 /* ItemData.h */ = {isa = PBXFileReference; fileEncoding = 4; lastKnownFileType = sourcecode.c.h; path = ItemData.h; sourceTree = "<group>"; };
		37E3EA991AA45F8C00EA7CB9 /* ItemData.m */ = {isa = PBXFileReference; fileEncoding = 4; lastKnownFileType = sourcecode.c.objc; path = ItemData.m; sourceTree = "<group>"; };
		37E3EAA41AA45F8C00EA7CB9 /* TabbarData.h */ = {isa = PBXFileReference; fileEncoding = 4; lastKnownFileType = sourcecode.c.h; path = TabbarData.h; sourceTree = "<group>"; };
		37E3EAA51AA45F8C00EA7CB9 /* TabbarData.m */ = {isa = PBXFileReference; fileEncoding = 4; lastKnownFileType = sourcecode.c.objc; path = TabbarData.m; sourceTree = "<group>"; };
		37E3EAA71AA45F8C00EA7CB9 /* CabinSketch-Bold.otf */ = {isa = PBXFileReference; lastKnownFileType = file; path = "CabinSketch-Bold.otf"; sourceTree = "<group>"; };
		37E3EAA81AA45F8C00EA7CB9 /* CabinSketch-Regular.otf */ = {isa = PBXFileReference; lastKnownFileType = file; path = "CabinSketch-Regular.otf"; sourceTree = "<group>"; };
		37E3EAAB1AA45F8C00EA7CB9 /* BaseRecipient.h */ = {isa = PBXFileReference; fileEncoding = 4; lastKnownFileType = sourcecode.c.h; path = BaseRecipient.h; sourceTree = "<group>"; };
		37E3EAAC1AA45F8C00EA7CB9 /* BaseRecipient.m */ = {isa = PBXFileReference; fileEncoding = 4; lastKnownFileType = sourcecode.c.objc; path = BaseRecipient.m; sourceTree = "<group>"; };
		37E3EAAD1AA45F8C00EA7CB9 /* CategoryRecipient.h */ = {isa = PBXFileReference; fileEncoding = 4; lastKnownFileType = sourcecode.c.h; path = CategoryRecipient.h; sourceTree = "<group>"; };
		37E3EAAE1AA45F8C00EA7CB9 /* CategoryRecipient.m */ = {isa = PBXFileReference; fileEncoding = 4; lastKnownFileType = sourcecode.c.objc; lineEnding = 0; path = CategoryRecipient.m; sourceTree = "<group>"; xcLanguageSpecificationIdentifier = xcode.lang.objc; };
		37E3EAB11AA45F8C00EA7CB9 /* CouponRecipient.h */ = {isa = PBXFileReference; fileEncoding = 4; lastKnownFileType = sourcecode.c.h; path = CouponRecipient.h; sourceTree = "<group>"; };
		37E3EAB21AA45F8C00EA7CB9 /* CouponRecipient.m */ = {isa = PBXFileReference; fileEncoding = 4; lastKnownFileType = sourcecode.c.objc; lineEnding = 0; path = CouponRecipient.m; sourceTree = "<group>"; xcLanguageSpecificationIdentifier = xcode.lang.objc; };
		37E3EAB51AA45F8C00EA7CB9 /* FlyerRecipient.h */ = {isa = PBXFileReference; fileEncoding = 4; lastKnownFileType = sourcecode.c.h; path = FlyerRecipient.h; sourceTree = "<group>"; };
		37E3EAB61AA45F8C00EA7CB9 /* FlyerRecipient.m */ = {isa = PBXFileReference; fileEncoding = 4; lastKnownFileType = sourcecode.c.objc; lineEnding = 0; path = FlyerRecipient.m; sourceTree = "<group>"; xcLanguageSpecificationIdentifier = xcode.lang.objc; };
		37E3EAB71AA45F8C00EA7CB9 /* InfoRecipient.h */ = {isa = PBXFileReference; fileEncoding = 4; lastKnownFileType = sourcecode.c.h; path = InfoRecipient.h; sourceTree = "<group>"; };
		37E3EAB81AA45F8C00EA7CB9 /* InfoRecipient.m */ = {isa = PBXFileReference; fileEncoding = 4; lastKnownFileType = sourcecode.c.objc; lineEnding = 0; path = InfoRecipient.m; sourceTree = "<group>"; xcLanguageSpecificationIdentifier = xcode.lang.objc; };
		37E3EAB91AA45F8C00EA7CB9 /* ItemRecipient.h */ = {isa = PBXFileReference; fileEncoding = 4; lastKnownFileType = sourcecode.c.h; path = ItemRecipient.h; sourceTree = "<group>"; };
		37E3EABA1AA45F8C00EA7CB9 /* ItemRecipient.m */ = {isa = PBXFileReference; fileEncoding = 4; lastKnownFileType = sourcecode.c.objc; lineEnding = 0; path = ItemRecipient.m; sourceTree = "<group>"; xcLanguageSpecificationIdentifier = xcode.lang.objc; };
		37E3EABB1AA45F8C00EA7CB9 /* NewsRecipient.h */ = {isa = PBXFileReference; fileEncoding = 4; lastKnownFileType = sourcecode.c.h; path = NewsRecipient.h; sourceTree = "<group>"; };
		37E3EABC1AA45F8C00EA7CB9 /* NewsRecipient.m */ = {isa = PBXFileReference; fileEncoding = 4; lastKnownFileType = sourcecode.c.objc; path = NewsRecipient.m; sourceTree = "<group>"; };
		37E3EAC21AA45F8C00EA7CB9 /* Common.h */ = {isa = PBXFileReference; fileEncoding = 4; lastKnownFileType = sourcecode.c.h; path = Common.h; sourceTree = "<group>"; };
		37E3EAC31AA45F8C00EA7CB9 /* Common.m */ = {isa = PBXFileReference; fileEncoding = 4; lastKnownFileType = sourcecode.c.objc; path = Common.m; sourceTree = "<group>"; };
		37E3EAC51AA45F8C00EA7CB9 /* PieceCoreConfig.h */ = {isa = PBXFileReference; fileEncoding = 4; lastKnownFileType = sourcecode.c.h; path = PieceCoreConfig.h; sourceTree = "<group>"; };
		37E3EAC61AA45F8C00EA7CB9 /* PieceCoreConfig.m */ = {isa = PBXFileReference; fileEncoding = 4; lastKnownFileType = sourcecode.c.objc; path = PieceCoreConfig.m; sourceTree = "<group>"; };
		37E3EAC81AA45F8C00EA7CB9 /* CoreDelegate.h */ = {isa = PBXFileReference; fileEncoding = 4; lastKnownFileType = sourcecode.c.h; path = CoreDelegate.h; sourceTree = "<group>"; };
		37E3EAC91AA45F8C00EA7CB9 /* CoreDelegate.m */ = {isa = PBXFileReference; fileEncoding = 4; lastKnownFileType = sourcecode.c.objc; path = CoreDelegate.m; sourceTree = "<group>"; };
		37E3EACB1AA45F8C00EA7CB9 /* DLog.h */ = {isa = PBXFileReference; fileEncoding = 4; lastKnownFileType = sourcecode.c.h; lineEnding = 0; path = DLog.h; sourceTree = "<group>"; xcLanguageSpecificationIdentifier = xcode.lang.objcpp; };
		37E3EACD1AA45F8C00EA7CB9 /* NetworkConecter.h */ = {isa = PBXFileReference; fileEncoding = 4; lastKnownFileType = sourcecode.c.h; path = NetworkConecter.h; sourceTree = "<group>"; };
		37E3EACE1AA45F8C00EA7CB9 /* NetworkConecter.m */ = {isa = PBXFileReference; fileEncoding = 4; lastKnownFileType = sourcecode.c.objc; path = NetworkConecter.m; sourceTree = "<group>"; };
		37E3EAD01AA45F8C00EA7CB9 /* coupon_get_btn.png */ = {isa = PBXFileReference; lastKnownFileType = image.png; path = coupon_get_btn.png; sourceTree = "<group>"; };
		37E3EADD1AA45F8C00EA7CB9 /* sample_logo.png */ = {isa = PBXFileReference; lastKnownFileType = image.png; path = sample_logo.png; sourceTree = "<group>"; };
		37E3EAE31AA45F8C00EA7CB9 /* tab_icon_coupon.png */ = {isa = PBXFileReference; lastKnownFileType = image.png; path = tab_icon_coupon.png; sourceTree = "<group>"; };
		37E3EAE51AA45F8C00EA7CB9 /* tab_icon_flyer.png */ = {isa = PBXFileReference; lastKnownFileType = image.png; path = tab_icon_flyer.png; sourceTree = "<group>"; };
		37E3EAE91AA45F8C00EA7CB9 /* tab_icon_news.png */ = {isa = PBXFileReference; lastKnownFileType = image.png; path = tab_icon_news.png; sourceTree = "<group>"; };
		37E3EAEB1AA45F8C00EA7CB9 /* tab_icon_shopping.png */ = {isa = PBXFileReference; lastKnownFileType = image.png; path = tab_icon_shopping.png; sourceTree = "<group>"; };
		37E3EAF71AA45F8C00EA7CB9 /* RoundBtn.h */ = {isa = PBXFileReference; fileEncoding = 4; lastKnownFileType = sourcecode.c.h; path = RoundBtn.h; sourceTree = "<group>"; };
		37E3EAF81AA45F8C00EA7CB9 /* RoundBtn.m */ = {isa = PBXFileReference; fileEncoding = 4; lastKnownFileType = sourcecode.c.objc; path = RoundBtn.m; sourceTree = "<group>"; };
		37E3EAF91AA45F8C00EA7CB9 /* RoundView.h */ = {isa = PBXFileReference; fileEncoding = 4; lastKnownFileType = sourcecode.c.h; path = RoundView.h; sourceTree = "<group>"; };
		37E3EAFA1AA45F8C00EA7CB9 /* RoundView.m */ = {isa = PBXFileReference; fileEncoding = 4; lastKnownFileType = sourcecode.c.objc; path = RoundView.m; sourceTree = "<group>"; };
		37E3EB011AA45F8C00EA7CB9 /* BaseViewController.h */ = {isa = PBXFileReference; fileEncoding = 4; lastKnownFileType = sourcecode.c.h; path = BaseViewController.h; sourceTree = "<group>"; };
		37E3EB021AA45F8C00EA7CB9 /* BaseViewController.m */ = {isa = PBXFileReference; fileEncoding = 4; lastKnownFileType = sourcecode.c.objc; path = BaseViewController.m; sourceTree = "<group>"; };
		37E3EB031AA45F8C00EA7CB9 /* TabbarViewController.h */ = {isa = PBXFileReference; fileEncoding = 4; lastKnownFileType = sourcecode.c.h; path = TabbarViewController.h; sourceTree = "<group>"; };
		37E3EB041AA45F8C00EA7CB9 /* TabbarViewController.m */ = {isa = PBXFileReference; fileEncoding = 4; lastKnownFileType = sourcecode.c.objc; path = TabbarViewController.m; sourceTree = "<group>"; };
		37E3EB061AA45F8C00EA7CB9 /* CategoryViewController.h */ = {isa = PBXFileReference; fileEncoding = 4; lastKnownFileType = sourcecode.c.h; path = CategoryViewController.h; sourceTree = "<group>"; };
		37E3EB071AA45F8C00EA7CB9 /* CategoryViewController.m */ = {isa = PBXFileReference; fileEncoding = 4; lastKnownFileType = sourcecode.c.objc; lineEnding = 0; path = CategoryViewController.m; sourceTree = "<group>"; xcLanguageSpecificationIdentifier = xcode.lang.objc; };
		37E3EB081AA45F8C00EA7CB9 /* CategoryViewController.xib */ = {isa = PBXFileReference; fileEncoding = 4; lastKnownFileType = file.xib; path = CategoryViewController.xib; sourceTree = "<group>"; };
		37E3EB0A1AA45F8C00EA7CB9 /* CouponViewController.h */ = {isa = PBXFileReference; fileEncoding = 4; lastKnownFileType = sourcecode.c.h; path = CouponViewController.h; sourceTree = "<group>"; };
		37E3EB0B1AA45F8C00EA7CB9 /* CouponViewController.m */ = {isa = PBXFileReference; fileEncoding = 4; lastKnownFileType = sourcecode.c.objc; lineEnding = 0; path = CouponViewController.m; sourceTree = "<group>"; xcLanguageSpecificationIdentifier = xcode.lang.objc; };
		37E3EB0C1AA45F8C00EA7CB9 /* CouponViewController.xib */ = {isa = PBXFileReference; fileEncoding = 4; lastKnownFileType = file.xib; path = CouponViewController.xib; sourceTree = "<group>"; };
		37E3EB0E1AA45F8C00EA7CB9 /* DatePickerViewController.h */ = {isa = PBXFileReference; fileEncoding = 4; lastKnownFileType = sourcecode.c.h; path = DatePickerViewController.h; sourceTree = "<group>"; };
		37E3EB0F1AA45F8C00EA7CB9 /* DatePickerViewController.m */ = {isa = PBXFileReference; fileEncoding = 4; lastKnownFileType = sourcecode.c.objc; path = DatePickerViewController.m; sourceTree = "<group>"; };
		37E3EB101AA45F8C00EA7CB9 /* DatePickerViewController.xib */ = {isa = PBXFileReference; fileEncoding = 4; lastKnownFileType = file.xib; path = DatePickerViewController.xib; sourceTree = "<group>"; };
		37E3EB111AA45F8C00EA7CB9 /* MonthAndDatePickerViewController.h */ = {isa = PBXFileReference; fileEncoding = 4; lastKnownFileType = sourcecode.c.h; path = MonthAndDatePickerViewController.h; sourceTree = "<group>"; };
		37E3EB121AA45F8C00EA7CB9 /* MonthAndDatePickerViewController.m */ = {isa = PBXFileReference; fileEncoding = 4; lastKnownFileType = sourcecode.c.objc; path = MonthAndDatePickerViewController.m; sourceTree = "<group>"; };
		37E3EB131AA45F8C00EA7CB9 /* MonthAndDatePickerViewController.xib */ = {isa = PBXFileReference; fileEncoding = 4; lastKnownFileType = file.xib; path = MonthAndDatePickerViewController.xib; sourceTree = "<group>"; };
		37E3EB141AA45F8C00EA7CB9 /* SinglePickerViewController.h */ = {isa = PBXFileReference; fileEncoding = 4; lastKnownFileType = sourcecode.c.h; path = SinglePickerViewController.h; sourceTree = "<group>"; };
		37E3EB151AA45F8C00EA7CB9 /* SinglePickerViewController.m */ = {isa = PBXFileReference; fileEncoding = 4; lastKnownFileType = sourcecode.c.objc; path = SinglePickerViewController.m; sourceTree = "<group>"; };
		37E3EB161AA45F8C00EA7CB9 /* SinglePickerViewController.xib */ = {isa = PBXFileReference; fileEncoding = 4; lastKnownFileType = file.xib; path = SinglePickerViewController.xib; sourceTree = "<group>"; };
		37E3EB1C1AA45F8C00EA7CB9 /* FlyerViewController.h */ = {isa = PBXFileReference; fileEncoding = 4; lastKnownFileType = sourcecode.c.h; path = FlyerViewController.h; sourceTree = "<group>"; };
		37E3EB1D1AA45F8C00EA7CB9 /* FlyerViewController.m */ = {isa = PBXFileReference; fileEncoding = 4; lastKnownFileType = sourcecode.c.objc; lineEnding = 0; path = FlyerViewController.m; sourceTree = "<group>"; xcLanguageSpecificationIdentifier = xcode.lang.objc; };
		37E3EB1E1AA45F8C00EA7CB9 /* FlyerViewController.xib */ = {isa = PBXFileReference; fileEncoding = 4; lastKnownFileType = file.xib; path = FlyerViewController.xib; sourceTree = "<group>"; };
		37E3EB271AA45F8C00EA7CB9 /* InfoListViewController.h */ = {isa = PBXFileReference; fileEncoding = 4; lastKnownFileType = sourcecode.c.h; path = InfoListViewController.h; sourceTree = "<group>"; };
		37E3EB281AA45F8C00EA7CB9 /* InfoListViewController.m */ = {isa = PBXFileReference; fileEncoding = 4; lastKnownFileType = sourcecode.c.objc; lineEnding = 0; path = InfoListViewController.m; sourceTree = "<group>"; xcLanguageSpecificationIdentifier = xcode.lang.objc; };
		37E3EB291AA45F8C00EA7CB9 /* InfoListViewController.xib */ = {isa = PBXFileReference; fileEncoding = 4; lastKnownFileType = file.xib; path = InfoListViewController.xib; sourceTree = "<group>"; };
		37E3EB2A1AA45F8C00EA7CB9 /* NewsViewController.h */ = {isa = PBXFileReference; fileEncoding = 4; lastKnownFileType = sourcecode.c.h; path = NewsViewController.h; sourceTree = "<group>"; };
		37E3EB2B1AA45F8C00EA7CB9 /* NewsViewController.m */ = {isa = PBXFileReference; fileEncoding = 4; lastKnownFileType = sourcecode.c.objc; path = NewsViewController.m; sourceTree = "<group>"; };
		37E3EB2C1AA45F8C00EA7CB9 /* NewsViewController.xib */ = {isa = PBXFileReference; fileEncoding = 4; lastKnownFileType = file.xib; path = NewsViewController.xib; sourceTree = "<group>"; };
		37E3EB2E1AA45F8C00EA7CB9 /* ItemListViewController.h */ = {isa = PBXFileReference; fileEncoding = 4; lastKnownFileType = sourcecode.c.h; path = ItemListViewController.h; sourceTree = "<group>"; };
		37E3EB2F1AA45F8C00EA7CB9 /* ItemListViewController.m */ = {isa = PBXFileReference; fileEncoding = 4; lastKnownFileType = sourcecode.c.objc; lineEnding = 0; path = ItemListViewController.m; sourceTree = "<group>"; xcLanguageSpecificationIdentifier = xcode.lang.objc; };
		37E3EB301AA45F8C00EA7CB9 /* ItemListViewController.xib */ = {isa = PBXFileReference; fileEncoding = 4; lastKnownFileType = file.xib; path = ItemListViewController.xib; sourceTree = "<group>"; };
		37E3EB311AA45F8C00EA7CB9 /* WebViewController.h */ = {isa = PBXFileReference; fileEncoding = 4; lastKnownFileType = sourcecode.c.h; path = WebViewController.h; sourceTree = "<group>"; };
		37E3EB321AA45F8C00EA7CB9 /* WebViewController.m */ = {isa = PBXFileReference; fileEncoding = 4; lastKnownFileType = sourcecode.c.objc; path = WebViewController.m; sourceTree = "<group>"; };
		37E3EB331AA45F8C00EA7CB9 /* WebViewController.xib */ = {isa = PBXFileReference; fileEncoding = 4; lastKnownFileType = file.xib; path = WebViewController.xib; sourceTree = "<group>"; };
		37E68D4F1BECD8D200F214EF /* AssetsLibrary.framework */ = {isa = PBXFileReference; lastKnownFileType = wrapper.framework; name = AssetsLibrary.framework; path = System/Library/Frameworks/AssetsLibrary.framework; sourceTree = SDKROOT; };
		435B62ED974602F156E050FE /* Pods-pieceSample.release.xcconfig */ = {isa = PBXFileReference; includeInIndex = 1; lastKnownFileType = text.xcconfig; name = "Pods-pieceSample.release.xcconfig"; path = "Pods/Target Support Files/Pods-pieceSample/Pods-pieceSample.release.xcconfig"; sourceTree = "<group>"; };
		7454BDCD1C7D67680095F0E5 /* GoogleService-Info.plist */ = {isa = PBXFileReference; fileEncoding = 4; lastKnownFileType = text.plist.xml; path = "GoogleService-Info.plist"; sourceTree = "<group>"; };
		C0AEBEEC86ADD8603FA9B963 /* libPods.a */ = {isa = PBXFileReference; explicitFileType = archive.ar; includeInIndex = 0; path = libPods.a; sourceTree = BUILT_PRODUCTS_DIR; };
		C67161BE5C2A5485E83051DE /* Pods-pieceSample.debug.xcconfig */ = {isa = PBXFileReference; includeInIndex = 1; lastKnownFileType = text.xcconfig; name = "Pods-pieceSample.debug.xcconfig"; path = "Pods/Target Support Files/Pods-pieceSample/Pods-pieceSample.debug.xcconfig"; sourceTree = "<group>"; };
		F78AED9D806247E5B305AD02 /* Pods.debug.xcconfig */ = {isa = PBXFileReference; includeInIndex = 1; lastKnownFileType = text.xcconfig; name = Pods.debug.xcconfig; path = "Pods/Target Support Files/Pods/Pods.debug.xcconfig"; sourceTree = "<group>"; };
		FAF53CB87D11317D20C2D7DF /* libPods-pieceSample.a */ = {isa = PBXFileReference; explicitFileType = archive.ar; includeInIndex = 0; path = "libPods-pieceSample.a"; sourceTree = BUILT_PRODUCTS_DIR; };
/* End PBXFileReference section */

/* Begin PBXFrameworksBuildPhase section */
		37E3EA4F1AA45F6800EA7CB9 /* Frameworks */ = {
			isa = PBXFrameworksBuildPhase;
			buildActionMask = 2147483647;
			files = (
				37E68D501BECD8D200F214EF /* AssetsLibrary.framework in Frameworks */,
				370561951ACE2A00002E7F1B /* CoreLocation.framework in Frameworks */,
				370561931ACE2717002E7F1B /* MapKit.framework in Frameworks */,
				37D758471AB175AF00E6B421 /* Accounts.framework in Frameworks */,
				37D758451AB1743800E6B421 /* Social.framework in Frameworks */,
				A80D6901D867FDB082A81EE8 /* libPods-pieceSample.a in Frameworks */,
			);
			runOnlyForDeploymentPostprocessing = 0;
		};
		37E3EA681AA45F6800EA7CB9 /* Frameworks */ = {
			isa = PBXFrameworksBuildPhase;
			buildActionMask = 2147483647;
			files = (
			);
			runOnlyForDeploymentPostprocessing = 0;
		};
/* End PBXFrameworksBuildPhase section */

/* Begin PBXGroup section */
		0F40C018B20590D5ECB82DC1 /* Frameworks */ = {
			isa = PBXGroup;
			children = (
				37E68D4F1BECD8D200F214EF /* AssetsLibrary.framework */,
				370561941ACE2A00002E7F1B /* CoreLocation.framework */,
				370561921ACE2717002E7F1B /* MapKit.framework */,
				37D758461AB175AF00E6B421 /* Accounts.framework */,
				37D758441AB1743800E6B421 /* Social.framework */,
				C0AEBEEC86ADD8603FA9B963 /* libPods.a */,
				FAF53CB87D11317D20C2D7DF /* libPods-pieceSample.a */,
			);
			name = Frameworks;
			sourceTree = "<group>";
		};
		371941F61AC549450033FBCA /* Common */ = {
			isa = PBXGroup;
			children = (
				371941F71AC549700033FBCA /* TitleNameData.h */,
				371941F81AC549700033FBCA /* TitleNameData.m */,
			);
			path = Common;
			sourceTree = "<group>";
		};
		3791297B1AB2DC2A001237C7 /* Theme */ = {
			isa = PBXGroup;
			children = (
				3791297C1AB2DC45001237C7 /* ThemeData.h */,
				3791297D1AB2DC45001237C7 /* ThemeData.m */,
			);
			path = Theme;
			sourceTree = "<group>";
		};
		37949A671ABA8D24002E5194 /* Webview */ = {
			isa = PBXGroup;
			children = (
				37949A681ABA8D4B002E5194 /* WebViewSettingData.h */,
				37949A691ABA8D4B002E5194 /* WebViewSettingData.m */,
			);
			path = Webview;
			sourceTree = "<group>";
		};
		37949A6B1ABA9670002E5194 /* Webview */ = {
			isa = PBXGroup;
			children = (
				37949A6C1ABA9670002E5194 /* backBtn.png */,
				37949A6D1ABA9670002E5194 /* backBtn@2x.png */,
				37949A6E1ABA9670002E5194 /* nextBtn.png */,
				37949A6F1ABA9670002E5194 /* nextBtn@2x.png */,
			);
			path = Webview;
			sourceTree = "<group>";
		};
		37E3EA491AA45F6800EA7CB9 = {
			isa = PBXGroup;
			children = (
				37E3EA7B1AA45F8C00EA7CB9 /* PieceCore */,
				37E3EA541AA45F6800EA7CB9 /* pieceSample */,
				37E3EA6E1AA45F6800EA7CB9 /* pieceSampleTests */,
				37E3EA531AA45F6800EA7CB9 /* Products */,
				0F40C018B20590D5ECB82DC1 /* Frameworks */,
				8A4EA57BE6BE790F39EF13AC /* Pods */,
			);
			sourceTree = "<group>";
		};
		37E3EA531AA45F6800EA7CB9 /* Products */ = {
			isa = PBXGroup;
			children = (
				37E3EA521AA45F6800EA7CB9 /* pieceSample.app */,
				37E3EA6B1AA45F6800EA7CB9 /* pieceSampleTests.xctest */,
			);
			name = Products;
			sourceTree = "<group>";
		};
		37E3EA541AA45F6800EA7CB9 /* pieceSample */ = {
			isa = PBXGroup;
			children = (
				3795A0C91DF52E31008B424D /* pieceSample.entitlements */,
				37E3EA591AA45F6800EA7CB9 /* AppDelegate.h */,
				37E3EA5A1AA45F6800EA7CB9 /* AppDelegate.m */,
				37E3EA5F1AA45F6800EA7CB9 /* Main.storyboard */,
				37E3EA621AA45F6800EA7CB9 /* Images.xcassets */,
				37E3EA641AA45F6800EA7CB9 /* LaunchScreen.xib */,
				37E3EA551AA45F6800EA7CB9 /* Supporting Files */,
			);
			path = pieceSample;
			sourceTree = "<group>";
		};
		37E3EA551AA45F6800EA7CB9 /* Supporting Files */ = {
			isa = PBXGroup;
			children = (
				37E3EA561AA45F6800EA7CB9 /* Info.plist */,
				7454BDCD1C7D67680095F0E5 /* GoogleService-Info.plist */,
				37E3EA571AA45F6800EA7CB9 /* main.m */,
			);
			name = "Supporting Files";
			sourceTree = "<group>";
		};
		37E3EA6E1AA45F6800EA7CB9 /* pieceSampleTests */ = {
			isa = PBXGroup;
			children = (
				37E3EA711AA45F6800EA7CB9 /* pieceSampleTests.m */,
				37E3EA6F1AA45F6800EA7CB9 /* Supporting Files */,
			);
			path = pieceSampleTests;
			sourceTree = "<group>";
		};
		37E3EA6F1AA45F6800EA7CB9 /* Supporting Files */ = {
			isa = PBXGroup;
			children = (
				37E3EA701AA45F6800EA7CB9 /* Info.plist */,
			);
			name = "Supporting Files";
			sourceTree = "<group>";
		};
		37E3EA7B1AA45F8C00EA7CB9 /* PieceCore */ = {
			isa = PBXGroup;
			children = (
				37E3EA7C1AA45F8C00EA7CB9 /* Data */,
				37E3EAA61AA45F8C00EA7CB9 /* Font */,
				37E3EAA91AA45F8C00EA7CB9 /* Model */,
				37E3EACF1AA45F8C00EA7CB9 /* Resources */,
				37E3EAF01AA45F8C00EA7CB9 /* View */,
				37E3EAFB1AA45F8C00EA7CB9 /* ViewController */,
			);
			name = PieceCore;
			path = ../PieceCore;
			sourceTree = "<group>";
		};
		37E3EA7C1AA45F8C00EA7CB9 /* Data */ = {
			isa = PBXGroup;
			children = (
				371941F61AC549450033FBCA /* Common */,
				37949A671ABA8D24002E5194 /* Webview */,
				3791297B1AB2DC2A001237C7 /* Theme */,
				37E3EA7D1AA45F8C00EA7CB9 /* Category */,
				37E3EA801AA45F8C00EA7CB9 /* Coupn */,
				37E3EA861AA45F8C00EA7CB9 /* Flyer */,
				37E3EA941AA45F8C00EA7CB9 /* Info */,
				37E3EA971AA45F8C00EA7CB9 /* Item */,
				37E3EAA31AA45F8C00EA7CB9 /* Tabbar */,
			);
			path = Data;
			sourceTree = "<group>";
		};
		37E3EA7D1AA45F8C00EA7CB9 /* Category */ = {
			isa = PBXGroup;
			children = (
				37E3EA7E1AA45F8C00EA7CB9 /* CategoryData.h */,
				37E3EA7F1AA45F8C00EA7CB9 /* CategoryData.m */,
			);
			path = Category;
			sourceTree = "<group>";
		};
		37E3EA801AA45F8C00EA7CB9 /* Coupn */ = {
			isa = PBXGroup;
			children = (
				37E3EA811AA45F8C00EA7CB9 /* CouponData.h */,
				37E3EA821AA45F8C00EA7CB9 /* CouponData.m */,
			);
			path = Coupn;
			sourceTree = "<group>";
		};
		37E3EA861AA45F8C00EA7CB9 /* Flyer */ = {
			isa = PBXGroup;
			children = (
				37E3EA871AA45F8C00EA7CB9 /* FlyerBodyData.h */,
				37E3EA881AA45F8C00EA7CB9 /* FlyerBodyData.m */,
				37E3EA891AA45F8C00EA7CB9 /* FlyerHeaderData.h */,
				37E3EA8A1AA45F8C00EA7CB9 /* FlyerHeaderData.m */,
				37E3EA8B1AA45F8C00EA7CB9 /* FlyerItemData.h */,
				37E3EA8C1AA45F8C00EA7CB9 /* FlyerItemData.m */,
			);
			path = Flyer;
			sourceTree = "<group>";
		};
		37E3EA941AA45F8C00EA7CB9 /* Info */ = {
			isa = PBXGroup;
			children = (
				37E3EA951AA45F8C00EA7CB9 /* InfoListData.h */,
				37E3EA961AA45F8C00EA7CB9 /* InfoListData.m */,
			);
			path = Info;
			sourceTree = "<group>";
		};
		37E3EA971AA45F8C00EA7CB9 /* Item */ = {
			isa = PBXGroup;
			children = (
				24ADAACD1CEB1F5A0010FA22 /* ItemDetailData.h */,
				24ADAACE1CEB1F5A0010FA22 /* ItemDetailData.m */,
				37E3EA981AA45F8C00EA7CB9 /* ItemData.h */,
				37E3EA991AA45F8C00EA7CB9 /* ItemData.m */,
			);
			path = Item;
			sourceTree = "<group>";
		};
		37E3EAA31AA45F8C00EA7CB9 /* Tabbar */ = {
			isa = PBXGroup;
			children = (
				37E3EAA41AA45F8C00EA7CB9 /* TabbarData.h */,
				37E3EAA51AA45F8C00EA7CB9 /* TabbarData.m */,
			);
			path = Tabbar;
			sourceTree = "<group>";
		};
		37E3EAA61AA45F8C00EA7CB9 /* Font */ = {
			isa = PBXGroup;
			children = (
				37E3EAA71AA45F8C00EA7CB9 /* CabinSketch-Bold.otf */,
				37E3EAA81AA45F8C00EA7CB9 /* CabinSketch-Regular.otf */,
			);
			path = Font;
			sourceTree = "<group>";
		};
		37E3EAA91AA45F8C00EA7CB9 /* Model */ = {
			isa = PBXGroup;
			children = (
				37E3EAAA1AA45F8C00EA7CB9 /* API */,
				37E3EAC11AA45F8C00EA7CB9 /* Common */,
				37E3EAC41AA45F8C00EA7CB9 /* Config */,
				37E3EAC71AA45F8C00EA7CB9 /* Delegate */,
				37E3EACA1AA45F8C00EA7CB9 /* Log */,
				37E3EACC1AA45F8C00EA7CB9 /* Nettwork */,
			);
			path = Model;
			sourceTree = "<group>";
		};
		37E3EAAA1AA45F8C00EA7CB9 /* API */ = {
			isa = PBXGroup;
			children = (
				24ADAAD01CEB1F700010FA22 /* ItemDetailRecipient.h */,
				24ADAAD11CEB1F700010FA22 /* ItemDetailRecipient.m */,
				37E3EAAB1AA45F8C00EA7CB9 /* BaseRecipient.h */,
				37E3EAAC1AA45F8C00EA7CB9 /* BaseRecipient.m */,
				37E3EAAD1AA45F8C00EA7CB9 /* CategoryRecipient.h */,
				37E3EAAE1AA45F8C00EA7CB9 /* CategoryRecipient.m */,
				37E3EAB11AA45F8C00EA7CB9 /* CouponRecipient.h */,
				37E3EAB21AA45F8C00EA7CB9 /* CouponRecipient.m */,
				37E3EAB51AA45F8C00EA7CB9 /* FlyerRecipient.h */,
				37E3EAB61AA45F8C00EA7CB9 /* FlyerRecipient.m */,
				37E3EAB71AA45F8C00EA7CB9 /* InfoRecipient.h */,
				37E3EAB81AA45F8C00EA7CB9 /* InfoRecipient.m */,
				37E3EAB91AA45F8C00EA7CB9 /* ItemRecipient.h */,
				37E3EABA1AA45F8C00EA7CB9 /* ItemRecipient.m */,
				37E3EABB1AA45F8C00EA7CB9 /* NewsRecipient.h */,
				37E3EABC1AA45F8C00EA7CB9 /* NewsRecipient.m */,
				10B66B051B6B6D3F00AF524B /* DeterminedLinePayRecipient.h */,
				10B66B061B6B6D3F00AF524B /* DeterminedLinePayRecipient.m */,
			);
			path = API;
			sourceTree = "<group>";
		};
		37E3EAC11AA45F8C00EA7CB9 /* Common */ = {
			isa = PBXGroup;
			children = (
				37E3EAC21AA45F8C00EA7CB9 /* Common.h */,
				37E3EAC31AA45F8C00EA7CB9 /* Common.m */,
			);
			path = Common;
			sourceTree = "<group>";
		};
		37E3EAC41AA45F8C00EA7CB9 /* Config */ = {
			isa = PBXGroup;
			children = (
				37E3EAC51AA45F8C00EA7CB9 /* PieceCoreConfig.h */,
				37E3EAC61AA45F8C00EA7CB9 /* PieceCoreConfig.m */,
			);
			path = Config;
			sourceTree = "<group>";
		};
		37E3EAC71AA45F8C00EA7CB9 /* Delegate */ = {
			isa = PBXGroup;
			children = (
				37E3EAC81AA45F8C00EA7CB9 /* CoreDelegate.h */,
				37E3EAC91AA45F8C00EA7CB9 /* CoreDelegate.m */,
			);
			path = Delegate;
			sourceTree = "<group>";
		};
		37E3EACA1AA45F8C00EA7CB9 /* Log */ = {
			isa = PBXGroup;
			children = (
				37E3EACB1AA45F8C00EA7CB9 /* DLog.h */,
			);
			path = Log;
			sourceTree = "<group>";
		};
		37E3EACC1AA45F8C00EA7CB9 /* Nettwork */ = {
			isa = PBXGroup;
			children = (
				37E3EACD1AA45F8C00EA7CB9 /* NetworkConecter.h */,
				37E3EACE1AA45F8C00EA7CB9 /* NetworkConecter.m */,
			);
			path = Nettwork;
			sourceTree = "<group>";
		};
		37E3EACF1AA45F8C00EA7CB9 /* Resources */ = {
			isa = PBXGroup;
			children = (
				377F40F61C5C80D600C7D2C0 /* btn_reload@2x.png */,
				377F40F21C5C7FA700C7D2C0 /* btn_back@2x.png */,
				377F40F41C5C7FAF00C7D2C0 /* btn_next@2x.png */,
				37566E421C56105D001EA816 /* cart@2x.png */,
				3726E6601C4C9F9900405ED1 /* check_off.png */,
				3726E6611C4C9F9900405ED1 /* check_on.png */,
				376A4EE81BF48800001B9537 /* btn_close@2x.png */,
				37949A6B1ABA9670002E5194 /* Webview */,
				37E3EAD01AA45F8C00EA7CB9 /* coupon_get_btn.png */,
				376A47AB1AADAEC3002A25D3 /* coupon_search@2x.png */,
				376A47AC1AADAEC3002A25D3 /* coupon_use@2x.png */,
				37E3EAD11AA45F8C00EA7CB9 /* Info */,
				37E3EADD1AA45F8C00EA7CB9 /* sample_logo.png */,
				37E3EAE11AA45F8C00EA7CB9 /* tab */,
			);
			path = Resources;
			sourceTree = "<group>";
		};
		37E3EAD11AA45F8C00EA7CB9 /* Info */ = {
			isa = PBXGroup;
			children = (
				378F317F1AC533AA0068224A /* news_01.png */,
				378F31801AC533AA0068224A /* news_02.png */,
				378F31811AC533AA0068224A /* news_03.png */,
			);
			path = Info;
			sourceTree = "<group>";
		};
		37E3EAE11AA45F8C00EA7CB9 /* tab */ = {
			isa = PBXGroup;
			children = (
				37E3EAE31AA45F8C00EA7CB9 /* tab_icon_coupon.png */,
				376A47AF1AADAEE1002A25D3 /* tab_icon_coupon@2x.png */,
				37E3EAE51AA45F8C00EA7CB9 /* tab_icon_flyer.png */,
				376A47B01AADAEE1002A25D3 /* tab_icon_flyer@2x.png */,
				37E3EAE91AA45F8C00EA7CB9 /* tab_icon_news.png */,
				376A47B11AADAEE1002A25D3 /* tab_icon_news@2x.png */,
				37E3EAEB1AA45F8C00EA7CB9 /* tab_icon_shopping.png */,
				376A47B21AADAEE1002A25D3 /* tab_icon_shopping@2x.png */,
			);
			path = tab;
			sourceTree = "<group>";
		};
		37E3EAF01AA45F8C00EA7CB9 /* View */ = {
			isa = PBXGroup;
			children = (
				37E3EAF71AA45F8C00EA7CB9 /* RoundBtn.h */,
				37E3EAF81AA45F8C00EA7CB9 /* RoundBtn.m */,
				37E3EAF91AA45F8C00EA7CB9 /* RoundView.h */,
				37E3EAFA1AA45F8C00EA7CB9 /* RoundView.m */,
				37D758531AB296CB00E6B421 /* AlertView.h */,
				37D758541AB296CB00E6B421 /* AlertView.m */,
				37949AA11ABFEEAE002E5194 /* BaseInputCell.h */,
				37949AA21ABFEEAE002E5194 /* BaseInputCell.m */,
				3726E6681C4CA96F00405ED1 /* CheckBoxBtn.h */,
				3726E6691C4CA96F00405ED1 /* CheckBoxBtn.m */,
			);
			path = View;
			sourceTree = "<group>";
		};
		37E3EAFB1AA45F8C00EA7CB9 /* ViewController */ = {
			isa = PBXGroup;
			children = (
				37E3EB001AA45F8C00EA7CB9 /* Base */,
				37E3EB051AA45F8C00EA7CB9 /* Category */,
				37E3EB091AA45F8C00EA7CB9 /* Coupon */,
				37E3EB0D1AA45F8C00EA7CB9 /* CustomPiccker */,
				37E3EB1B1AA45F8C00EA7CB9 /* Flyer */,
				37E3EB261AA45F8C00EA7CB9 /* Info */,
				37E3EB2D1AA45F8C00EA7CB9 /* Item */,
			);
			path = ViewController;
			sourceTree = "<group>";
		};
		37E3EB001AA45F8C00EA7CB9 /* Base */ = {
			isa = PBXGroup;
			children = (
				37E3EB011AA45F8C00EA7CB9 /* BaseViewController.h */,
				37E3EB021AA45F8C00EA7CB9 /* BaseViewController.m */,
				37E3EB031AA45F8C00EA7CB9 /* TabbarViewController.h */,
				37E3EB041AA45F8C00EA7CB9 /* TabbarViewController.m */,
			);
			path = Base;
			sourceTree = "<group>";
		};
		37E3EB051AA45F8C00EA7CB9 /* Category */ = {
			isa = PBXGroup;
			children = (
				37E3EB061AA45F8C00EA7CB9 /* CategoryViewController.h */,
				37E3EB071AA45F8C00EA7CB9 /* CategoryViewController.m */,
				37E3EB081AA45F8C00EA7CB9 /* CategoryViewController.xib */,
			);
			path = Category;
			sourceTree = "<group>";
		};
		37E3EB091AA45F8C00EA7CB9 /* Coupon */ = {
			isa = PBXGroup;
			children = (
				37E3EB0A1AA45F8C00EA7CB9 /* CouponViewController.h */,
				37E3EB0B1AA45F8C00EA7CB9 /* CouponViewController.m */,
				37E3EB0C1AA45F8C00EA7CB9 /* CouponViewController.xib */,
			);
			path = Coupon;
			sourceTree = "<group>";
		};
		37E3EB0D1AA45F8C00EA7CB9 /* CustomPiccker */ = {
			isa = PBXGroup;
			children = (
				37E3EB0E1AA45F8C00EA7CB9 /* DatePickerViewController.h */,
				37E3EB0F1AA45F8C00EA7CB9 /* DatePickerViewController.m */,
				37E3EB101AA45F8C00EA7CB9 /* DatePickerViewController.xib */,
				37E3EB111AA45F8C00EA7CB9 /* MonthAndDatePickerViewController.h */,
				37E3EB121AA45F8C00EA7CB9 /* MonthAndDatePickerViewController.m */,
				37E3EB131AA45F8C00EA7CB9 /* MonthAndDatePickerViewController.xib */,
				37E3EB141AA45F8C00EA7CB9 /* SinglePickerViewController.h */,
				37E3EB151AA45F8C00EA7CB9 /* SinglePickerViewController.m */,
				37E3EB161AA45F8C00EA7CB9 /* SinglePickerViewController.xib */,
			);
			path = CustomPiccker;
			sourceTree = "<group>";
		};
		37E3EB1B1AA45F8C00EA7CB9 /* Flyer */ = {
			isa = PBXGroup;
			children = (
				37E3EB1C1AA45F8C00EA7CB9 /* FlyerViewController.h */,
				37E3EB1D1AA45F8C00EA7CB9 /* FlyerViewController.m */,
				37E3EB1E1AA45F8C00EA7CB9 /* FlyerViewController.xib */,
			);
			path = Flyer;
			sourceTree = "<group>";
		};
		37E3EB261AA45F8C00EA7CB9 /* Info */ = {
			isa = PBXGroup;
			children = (
				37E3EB271AA45F8C00EA7CB9 /* InfoListViewController.h */,
				37E3EB281AA45F8C00EA7CB9 /* InfoListViewController.m */,
				37E3EB291AA45F8C00EA7CB9 /* InfoListViewController.xib */,
				37E3EB2A1AA45F8C00EA7CB9 /* NewsViewController.h */,
				37E3EB2B1AA45F8C00EA7CB9 /* NewsViewController.m */,
				37E3EB2C1AA45F8C00EA7CB9 /* NewsViewController.xib */,
			);
			path = Info;
			sourceTree = "<group>";
		};
		37E3EB2D1AA45F8C00EA7CB9 /* Item */ = {
			isa = PBXGroup;
			children = (
				37E3EB2E1AA45F8C00EA7CB9 /* ItemListViewController.h */,
				37E3EB2F1AA45F8C00EA7CB9 /* ItemListViewController.m */,
				37E3EB301AA45F8C00EA7CB9 /* ItemListViewController.xib */,
				37E3EB311AA45F8C00EA7CB9 /* WebViewController.h */,
				37E3EB321AA45F8C00EA7CB9 /* WebViewController.m */,
				37E3EB331AA45F8C00EA7CB9 /* WebViewController.xib */,
			);
			path = Item;
			sourceTree = "<group>";
		};
		8A4EA57BE6BE790F39EF13AC /* Pods */ = {
			isa = PBXGroup;
			children = (
				F78AED9D806247E5B305AD02 /* Pods.debug.xcconfig */,
				0B2EB3020702E5D1A5D8492F /* Pods.release.xcconfig */,
				C67161BE5C2A5485E83051DE /* Pods-pieceSample.debug.xcconfig */,
				435B62ED974602F156E050FE /* Pods-pieceSample.release.xcconfig */,
			);
			name = Pods;
			sourceTree = "<group>";
		};
/* End PBXGroup section */

/* Begin PBXNativeTarget section */
		37E3EA511AA45F6800EA7CB9 /* pieceSample */ = {
			isa = PBXNativeTarget;
			buildConfigurationList = 37E3EA751AA45F6800EA7CB9 /* Build configuration list for PBXNativeTarget "pieceSample" */;
			buildPhases = (
				CFA7CE468A1B6CE9F9D7BF52 /* [CP] Check Pods Manifest.lock */,
				37E3EA4E1AA45F6800EA7CB9 /* Sources */,
				37E3EA4F1AA45F6800EA7CB9 /* Frameworks */,
				37E3EA501AA45F6800EA7CB9 /* Resources */,
				94900214E9FAA1BA68C10E34 /* [CP] Copy Pods Resources */,
				85B850A9E1FB7603A8843080 /* [CP] Embed Pods Frameworks */,
				EDEBFF2AA1D49A37CC40B789 /* Embed Pods Frameworks */,
			);
			buildRules = (
			);
			dependencies = (
			);
			name = pieceSample;
			productName = pieceSample;
			productReference = 37E3EA521AA45F6800EA7CB9 /* pieceSample.app */;
			productType = "com.apple.product-type.application";
		};
		37E3EA6A1AA45F6800EA7CB9 /* pieceSampleTests */ = {
			isa = PBXNativeTarget;
			buildConfigurationList = 37E3EA781AA45F6800EA7CB9 /* Build configuration list for PBXNativeTarget "pieceSampleTests" */;
			buildPhases = (
				37E3EA671AA45F6800EA7CB9 /* Sources */,
				37E3EA681AA45F6800EA7CB9 /* Frameworks */,
				37E3EA691AA45F6800EA7CB9 /* Resources */,
			);
			buildRules = (
			);
			dependencies = (
				37E3EA6D1AA45F6800EA7CB9 /* PBXTargetDependency */,
			);
			name = pieceSampleTests;
			productName = pieceSampleTests;
			productReference = 37E3EA6B1AA45F6800EA7CB9 /* pieceSampleTests.xctest */;
			productType = "com.apple.product-type.bundle.unit-test";
		};
/* End PBXNativeTarget section */

/* Begin PBXProject section */
		37E3EA4A1AA45F6800EA7CB9 /* Project object */ = {
			isa = PBXProject;
			attributes = {
				LastUpgradeCheck = 0700;
				ORGANIZATIONNAME = jokerpiece;
				TargetAttributes = {
					37E3EA511AA45F6800EA7CB9 = {
						CreatedOnToolsVersion = 6.1.1;
						DevelopmentTeam = MCM25T6BXG;
						SystemCapabilities = {
							com.apple.BackgroundModes = {
								enabled = 1;
							};
							com.apple.Push = {
								enabled = 1;
							};
						};
					};
					37E3EA6A1AA45F6800EA7CB9 = {
						CreatedOnToolsVersion = 6.1.1;
						DevelopmentTeam = MCM25T6BXG;
						TestTargetID = 37E3EA511AA45F6800EA7CB9;
					};
				};
			};
			buildConfigurationList = 37E3EA4D1AA45F6800EA7CB9 /* Build configuration list for PBXProject "pieceSample" */;
			compatibilityVersion = "Xcode 3.2";
			developmentRegion = English;
			hasScannedForEncodings = 0;
			knownRegions = (
				en,
				Base,
			);
			mainGroup = 37E3EA491AA45F6800EA7CB9;
			productRefGroup = 37E3EA531AA45F6800EA7CB9 /* Products */;
			projectDirPath = "";
			projectRoot = "";
			targets = (
				37E3EA511AA45F6800EA7CB9 /* pieceSample */,
				37E3EA6A1AA45F6800EA7CB9 /* pieceSampleTests */,
			);
		};
/* End PBXProject section */

/* Begin PBXResourcesBuildPhase section */
		37E3EA501AA45F6800EA7CB9 /* Resources */ = {
			isa = PBXResourcesBuildPhase;
			buildActionMask = 2147483647;
			files = (
				377F40F31C5C7FA700C7D2C0 /* btn_back@2x.png in Resources */,
				7454BDCE1C7D67680095F0E5 /* GoogleService-Info.plist in Resources */,
				37949A721ABA9670002E5194 /* nextBtn.png in Resources */,
				3726E6621C4C9F9900405ED1 /* check_off.png in Resources */,
				378F31821AC533AA0068224A /* news_01.png in Resources */,
				37E3EBB21AA45F8C00EA7CB9 /* ItemListViewController.xib in Resources */,
				37949A711ABA9670002E5194 /* backBtn@2x.png in Resources */,
				37E3EBA41AA45F8C00EA7CB9 /* SinglePickerViewController.xib in Resources */,
				37E3EB8B1AA45F8C00EA7CB9 /* tab_icon_news.png in Resources */,
				37E3EB651AA45F8C00EA7CB9 /* CabinSketch-Bold.otf in Resources */,
				37949A731ABA9670002E5194 /* nextBtn@2x.png in Resources */,
				377F40F51C5C7FAF00C7D2C0 /* btn_next@2x.png in Resources */,
				378F31841AC533AA0068224A /* news_03.png in Resources */,
				376A47AD1AADAEC3002A25D3 /* coupon_search@2x.png in Resources */,
				37E3EBB01AA45F8C00EA7CB9 /* NewsViewController.xib in Resources */,
				37949A701ABA9670002E5194 /* backBtn.png in Resources */,
				37E3EBA01AA45F8C00EA7CB9 /* DatePickerViewController.xib in Resources */,
				37E3EB9E1AA45F8C00EA7CB9 /* CouponViewController.xib in Resources */,
				377F40F71C5C80D600C7D2C0 /* btn_reload@2x.png in Resources */,
				376A47B61AADAEE1002A25D3 /* tab_icon_shopping@2x.png in Resources */,
				3726E6631C4C9F9900405ED1 /* check_on.png in Resources */,
				37E3EB661AA45F8C00EA7CB9 /* CabinSketch-Regular.otf in Resources */,
				37E3EB871AA45F8C00EA7CB9 /* tab_icon_flyer.png in Resources */,
				37E3EBB41AA45F8C00EA7CB9 /* WebViewController.xib in Resources */,
				37566E431C56105D001EA816 /* cart@2x.png in Resources */,
				378F31831AC533AA0068224A /* news_02.png in Resources */,
				37E3EBAE1AA45F8C00EA7CB9 /* InfoListViewController.xib in Resources */,
				376A47B31AADAEE1002A25D3 /* tab_icon_coupon@2x.png in Resources */,
				376A47AE1AADAEC3002A25D3 /* coupon_use@2x.png in Resources */,
				37E3EB851AA45F8C00EA7CB9 /* tab_icon_coupon.png in Resources */,
				37E3EBA81AA45F8C00EA7CB9 /* FlyerViewController.xib in Resources */,
				376A47B41AADAEE1002A25D3 /* tab_icon_flyer@2x.png in Resources */,
				37E3EA631AA45F6800EA7CB9 /* Images.xcassets in Resources */,
				37E3EB9C1AA45F8C00EA7CB9 /* CategoryViewController.xib in Resources */,
				37E3EB811AA45F8C00EA7CB9 /* sample_logo.png in Resources */,
				376A4EE91BF48800001B9537 /* btn_close@2x.png in Resources */,
				376A47B51AADAEE1002A25D3 /* tab_icon_news@2x.png in Resources */,
				37949AA41AC01BF6002E5194 /* MonthAndDatePickerViewController.xib in Resources */,
				37E3EB8D1AA45F8C00EA7CB9 /* tab_icon_shopping.png in Resources */,
				37E3EB761AA45F8C00EA7CB9 /* coupon_get_btn.png in Resources */,
			);
			runOnlyForDeploymentPostprocessing = 0;
		};
		37E3EA691AA45F6800EA7CB9 /* Resources */ = {
			isa = PBXResourcesBuildPhase;
			buildActionMask = 2147483647;
			files = (
			);
			runOnlyForDeploymentPostprocessing = 0;
		};
/* End PBXResourcesBuildPhase section */

/* Begin PBXShellScriptBuildPhase section */
		85B850A9E1FB7603A8843080 /* [CP] Embed Pods Frameworks */ = {
			isa = PBXShellScriptBuildPhase;
			buildActionMask = 2147483647;
			files = (
			);
			inputPaths = (
			);
			name = "[CP] Embed Pods Frameworks";
			outputPaths = (
			);
			runOnlyForDeploymentPostprocessing = 0;
			shellPath = /bin/sh;
			shellScript = "\"${SRCROOT}/Pods/Target Support Files/Pods-pieceSample/Pods-pieceSample-frameworks.sh\"\n";
			showEnvVarsInLog = 0;
		};
		94900214E9FAA1BA68C10E34 /* [CP] Copy Pods Resources */ = {
			isa = PBXShellScriptBuildPhase;
			buildActionMask = 2147483647;
			files = (
			);
			inputPaths = (
			);
			name = "[CP] Copy Pods Resources";
			outputPaths = (
			);
			runOnlyForDeploymentPostprocessing = 0;
			shellPath = /bin/sh;
			shellScript = "\"${SRCROOT}/Pods/Target Support Files/Pods-pieceSample/Pods-pieceSample-resources.sh\"\n";
			showEnvVarsInLog = 0;
		};
		CFA7CE468A1B6CE9F9D7BF52 /* [CP] Check Pods Manifest.lock */ = {
			isa = PBXShellScriptBuildPhase;
			buildActionMask = 2147483647;
			files = (
			);
			inputPaths = (
			);
			name = "[CP] Check Pods Manifest.lock";
			outputPaths = (
			);
			runOnlyForDeploymentPostprocessing = 0;
			shellPath = /bin/sh;
			shellScript = "diff \"${PODS_ROOT}/../Podfile.lock\" \"${PODS_ROOT}/Manifest.lock\" > /dev/null\nif [[ $? != 0 ]] ; then\n    cat << EOM\nerror: The sandbox is not in sync with the Podfile.lock. Run 'pod install' or update your CocoaPods installation.\nEOM\n    exit 1\nfi\n";
			showEnvVarsInLog = 0;
		};
		EDEBFF2AA1D49A37CC40B789 /* Embed Pods Frameworks */ = {
			isa = PBXShellScriptBuildPhase;
			buildActionMask = 2147483647;
			files = (
			);
			inputPaths = (
			);
			name = "Embed Pods Frameworks";
			outputPaths = (
			);
			runOnlyForDeploymentPostprocessing = 0;
			shellPath = /bin/sh;
			shellScript = "\"${SRCROOT}/Pods/Target Support Files/Pods-pieceSample/Pods-pieceSample-frameworks.sh\"\n";
			showEnvVarsInLog = 0;
		};
/* End PBXShellScriptBuildPhase section */

/* Begin PBXSourcesBuildPhase section */
		37E3EA4E1AA45F6800EA7CB9 /* Sources */ = {
			isa = PBXSourcesBuildPhase;
			buildActionMask = 2147483647;
			files = (
				37E3EB9F1AA45F8C00EA7CB9 /* DatePickerViewController.m in Sources */,
				37E3EBB31AA45F8C00EA7CB9 /* WebViewController.m in Sources */,
				37E3EBA71AA45F8C00EA7CB9 /* FlyerViewController.m in Sources */,
				37E3EB9A1AA45F8C00EA7CB9 /* TabbarViewController.m in Sources */,
				37949AA31ABFEEAE002E5194 /* BaseInputCell.m in Sources */,
				37E3EB6C1AA45F8C00EA7CB9 /* FlyerRecipient.m in Sources */,
				37E3EB991AA45F8C00EA7CB9 /* BaseViewController.m in Sources */,
				37E3EB671AA45F8C00EA7CB9 /* BaseRecipient.m in Sources */,
				37E3EB9B1AA45F8C00EA7CB9 /* CategoryViewController.m in Sources */,
				10B66B071B6B6D3F00AF524B /* DeterminedLinePayRecipient.m in Sources */,
				37E3EB601AA45F8C00EA7CB9 /* ItemData.m in Sources */,
				37D758551AB296CB00E6B421 /* AlertView.m in Sources */,
				37E3EB591AA45F8C00EA7CB9 /* FlyerBodyData.m in Sources */,
				37E3EB681AA45F8C00EA7CB9 /* CategoryRecipient.m in Sources */,
				37E3EB6D1AA45F8C00EA7CB9 /* InfoRecipient.m in Sources */,
				37E3EB951AA45F8C00EA7CB9 /* RoundBtn.m in Sources */,
				37E3EBAF1AA45F8C00EA7CB9 /* NewsViewController.m in Sources */,
				37E3EB961AA45F8C00EA7CB9 /* RoundView.m in Sources */,
				37E3EB5A1AA45F8C00EA7CB9 /* FlyerHeaderData.m in Sources */,
				37E3EB571AA45F8C00EA7CB9 /* CouponData.m in Sources */,
				37E3EB721AA45F8C00EA7CB9 /* Common.m in Sources */,
				371941F91AC549700033FBCA /* TitleNameData.m in Sources */,
				37E3EB741AA45F8C00EA7CB9 /* CoreDelegate.m in Sources */,
				37E3EB9D1AA45F8C00EA7CB9 /* CouponViewController.m in Sources */,
				37E3EB641AA45F8C00EA7CB9 /* TabbarData.m in Sources */,
				24ADAACF1CEB1F5A0010FA22 /* ItemDetailData.m in Sources */,
				37E3EB6A1AA45F8C00EA7CB9 /* CouponRecipient.m in Sources */,
				37949A6A1ABA8D4B002E5194 /* WebViewSettingData.m in Sources */,
				37E3EB751AA45F8C00EA7CB9 /* NetworkConecter.m in Sources */,
				37E3EBA11AA45F8C00EA7CB9 /* MonthAndDatePickerViewController.m in Sources */,
				37E3EBAD1AA45F8C00EA7CB9 /* InfoListViewController.m in Sources */,
				37E3EB6E1AA45F8C00EA7CB9 /* ItemRecipient.m in Sources */,
				3791297E1AB2DC45001237C7 /* ThemeData.m in Sources */,
				3726E66A1C4CA96F00405ED1 /* CheckBoxBtn.m in Sources */,
				37E3EB6F1AA45F8C00EA7CB9 /* NewsRecipient.m in Sources */,
				37E3EB561AA45F8C00EA7CB9 /* CategoryData.m in Sources */,
				24ADAAD21CEB1F700010FA22 /* ItemDetailRecipient.m in Sources */,
				37E3EB5B1AA45F8C00EA7CB9 /* FlyerItemData.m in Sources */,
				37E3EBB11AA45F8C00EA7CB9 /* ItemListViewController.m in Sources */,
				37E3EBA31AA45F8C00EA7CB9 /* SinglePickerViewController.m in Sources */,
				37E3EA5B1AA45F6800EA7CB9 /* AppDelegate.m in Sources */,
				37E3EA581AA45F6800EA7CB9 /* main.m in Sources */,
				37E3EB731AA45F8C00EA7CB9 /* PieceCoreConfig.m in Sources */,
				37E3EB5F1AA45F8C00EA7CB9 /* InfoListData.m in Sources */,
			);
			runOnlyForDeploymentPostprocessing = 0;
		};
		37E3EA671AA45F6800EA7CB9 /* Sources */ = {
			isa = PBXSourcesBuildPhase;
			buildActionMask = 2147483647;
			files = (
				37E3EA721AA45F6800EA7CB9 /* pieceSampleTests.m in Sources */,
			);
			runOnlyForDeploymentPostprocessing = 0;
		};
/* End PBXSourcesBuildPhase section */

/* Begin PBXTargetDependency section */
		37E3EA6D1AA45F6800EA7CB9 /* PBXTargetDependency */ = {
			isa = PBXTargetDependency;
			target = 37E3EA511AA45F6800EA7CB9 /* pieceSample */;
			targetProxy = 37E3EA6C1AA45F6800EA7CB9 /* PBXContainerItemProxy */;
		};
/* End PBXTargetDependency section */

/* Begin PBXVariantGroup section */
		37E3EA5F1AA45F6800EA7CB9 /* Main.storyboard */ = {
			isa = PBXVariantGroup;
			children = (
				37E3EA601AA45F6800EA7CB9 /* Base */,
			);
			name = Main.storyboard;
			sourceTree = "<group>";
		};
		37E3EA641AA45F6800EA7CB9 /* LaunchScreen.xib */ = {
			isa = PBXVariantGroup;
			children = (
				37E3EA651AA45F6800EA7CB9 /* Base */,
			);
			name = LaunchScreen.xib;
			sourceTree = "<group>";
		};
/* End PBXVariantGroup section */

/* Begin XCBuildConfiguration section */
		37E3EA731AA45F6800EA7CB9 /* Debug */ = {
			isa = XCBuildConfiguration;
			buildSettings = {
				ALWAYS_SEARCH_USER_PATHS = NO;
				CLANG_CXX_LANGUAGE_STANDARD = "gnu++0x";
				CLANG_CXX_LIBRARY = "libc++";
				CLANG_ENABLE_MODULES = YES;
				CLANG_ENABLE_OBJC_ARC = YES;
				CLANG_WARN_BOOL_CONVERSION = YES;
				CLANG_WARN_CONSTANT_CONVERSION = YES;
				CLANG_WARN_DIRECT_OBJC_ISA_USAGE = YES_ERROR;
				CLANG_WARN_EMPTY_BODY = YES;
				CLANG_WARN_ENUM_CONVERSION = YES;
				CLANG_WARN_INT_CONVERSION = YES;
				CLANG_WARN_OBJC_ROOT_CLASS = YES_ERROR;
				CLANG_WARN_UNREACHABLE_CODE = YES;
				CLANG_WARN__DUPLICATE_METHOD_MATCH = YES;
				CODE_SIGN_IDENTITY = "iPhone Developer";
				"CODE_SIGN_IDENTITY[sdk=iphoneos*]" = "iPhone Developer";
				COPY_PHASE_STRIP = NO;
				ENABLE_STRICT_OBJC_MSGSEND = YES;
				ENABLE_TESTABILITY = YES;
				GCC_C_LANGUAGE_STANDARD = gnu99;
				GCC_DYNAMIC_NO_PIC = NO;
				GCC_OPTIMIZATION_LEVEL = 0;
				GCC_PREPROCESSOR_DEFINITIONS = (
					"DEBUG=1",
					"$(inherited)",
				);
				GCC_SYMBOLS_PRIVATE_EXTERN = NO;
				GCC_WARN_64_TO_32_BIT_CONVERSION = YES;
				GCC_WARN_ABOUT_RETURN_TYPE = YES_ERROR;
				GCC_WARN_UNDECLARED_SELECTOR = YES;
				GCC_WARN_UNINITIALIZED_AUTOS = YES_AGGRESSIVE;
				GCC_WARN_UNUSED_FUNCTION = YES;
				GCC_WARN_UNUSED_VARIABLE = YES;
				IPHONEOS_DEPLOYMENT_TARGET = 8.0;
				MTL_ENABLE_DEBUG_INFO = YES;
				ONLY_ACTIVE_ARCH = YES;
				SDKROOT = iphoneos;
			};
			name = Debug;
		};
		37E3EA741AA45F6800EA7CB9 /* Release */ = {
			isa = XCBuildConfiguration;
			buildSettings = {
				ALWAYS_SEARCH_USER_PATHS = NO;
				CLANG_CXX_LANGUAGE_STANDARD = "gnu++0x";
				CLANG_CXX_LIBRARY = "libc++";
				CLANG_ENABLE_MODULES = YES;
				CLANG_ENABLE_OBJC_ARC = YES;
				CLANG_WARN_BOOL_CONVERSION = YES;
				CLANG_WARN_CONSTANT_CONVERSION = YES;
				CLANG_WARN_DIRECT_OBJC_ISA_USAGE = YES_ERROR;
				CLANG_WARN_EMPTY_BODY = YES;
				CLANG_WARN_ENUM_CONVERSION = YES;
				CLANG_WARN_INT_CONVERSION = YES;
				CLANG_WARN_OBJC_ROOT_CLASS = YES_ERROR;
				CLANG_WARN_UNREACHABLE_CODE = YES;
				CLANG_WARN__DUPLICATE_METHOD_MATCH = YES;
				CODE_SIGN_IDENTITY = "iPhone Developer";
				"CODE_SIGN_IDENTITY[sdk=iphoneos*]" = "iPhone Developer";
				COPY_PHASE_STRIP = YES;
				ENABLE_NS_ASSERTIONS = NO;
				ENABLE_STRICT_OBJC_MSGSEND = YES;
				GCC_C_LANGUAGE_STANDARD = gnu99;
				GCC_WARN_64_TO_32_BIT_CONVERSION = YES;
				GCC_WARN_ABOUT_RETURN_TYPE = YES_ERROR;
				GCC_WARN_UNDECLARED_SELECTOR = YES;
				GCC_WARN_UNINITIALIZED_AUTOS = YES_AGGRESSIVE;
				GCC_WARN_UNUSED_FUNCTION = YES;
				GCC_WARN_UNUSED_VARIABLE = YES;
				IPHONEOS_DEPLOYMENT_TARGET = 8.0;
				MTL_ENABLE_DEBUG_INFO = NO;
				SDKROOT = iphoneos;
				VALIDATE_PRODUCT = YES;
			};
			name = Release;
		};
		37E3EA761AA45F6800EA7CB9 /* Debug */ = {
			isa = XCBuildConfiguration;
			baseConfigurationReference = C67161BE5C2A5485E83051DE /* Pods-pieceSample.debug.xcconfig */;
			buildSettings = {
				ASSETCATALOG_COMPILER_APPICON_NAME = AppIcon;
				CODE_SIGN_ENTITLEMENTS = pieceSample/pieceSample.entitlements;
				CODE_SIGN_IDENTITY = "iPhone Developer";
				"CODE_SIGN_IDENTITY[sdk=iphoneos*]" = "iPhone Developer";
				ENABLE_BITCODE = NO;
				INFOPLIST_FILE = pieceSample/Info.plist;
				IPHONEOS_DEPLOYMENT_TARGET = 8.0;
				LD_RUNPATH_SEARCH_PATHS = "$(inherited) @executable_path/Frameworks";
				PRODUCT_BUNDLE_IDENTIFIER = jp.co.jokerpiece.piece.pieceSample;
				PRODUCT_NAME = "$(TARGET_NAME)";
				PROVISIONING_PROFILE = "";
			};
			name = Debug;
		};
		37E3EA771AA45F6800EA7CB9 /* Release */ = {
			isa = XCBuildConfiguration;
			baseConfigurationReference = 435B62ED974602F156E050FE /* Pods-pieceSample.release.xcconfig */;
			buildSettings = {
				ASSETCATALOG_COMPILER_APPICON_NAME = AppIcon;
				CODE_SIGN_ENTITLEMENTS = pieceSample/pieceSample.entitlements;
				CODE_SIGN_IDENTITY = "iPhone Developer";
				"CODE_SIGN_IDENTITY[sdk=iphoneos*]" = "iPhone Developer";
				ENABLE_BITCODE = NO;
				INFOPLIST_FILE = pieceSample/Info.plist;
				IPHONEOS_DEPLOYMENT_TARGET = 8.0;
				LD_RUNPATH_SEARCH_PATHS = "$(inherited) @executable_path/Frameworks";
				PRODUCT_BUNDLE_IDENTIFIER = jp.co.jokerpiece.piece.pieceSample;
				PRODUCT_NAME = "$(TARGET_NAME)";
				PROVISIONING_PROFILE = "";
			};
			name = Release;
		};
		37E3EA791AA45F6800EA7CB9 /* Debug */ = {
			isa = XCBuildConfiguration;
			buildSettings = {
				BUNDLE_LOADER = "$(TEST_HOST)";
				CODE_SIGN_IDENTITY = "iPhone Developer";
				"CODE_SIGN_IDENTITY[sdk=iphoneos*]" = "iPhone Developer";
				FRAMEWORK_SEARCH_PATHS = "$(inherited)";
				GCC_PREPROCESSOR_DEFINITIONS = (
					"DEBUG=1",
					"$(inherited)",
				);
				INFOPLIST_FILE = pieceSampleTests/Info.plist;
				LD_RUNPATH_SEARCH_PATHS = "$(inherited) @executable_path/Frameworks @loader_path/Frameworks";
				PRODUCT_BUNDLE_IDENTIFIER = "jp.co.jokerpiece.$(PRODUCT_NAME:rfc1034identifier)";
				PRODUCT_NAME = "$(TARGET_NAME)";
				PROVISIONING_PROFILE = "";
				TEST_HOST = "$(BUILT_PRODUCTS_DIR)/pieceSample.app/pieceSample";
			};
			name = Debug;
		};
		37E3EA7A1AA45F6800EA7CB9 /* Release */ = {
			isa = XCBuildConfiguration;
			buildSettings = {
				BUNDLE_LOADER = "$(TEST_HOST)";
				CODE_SIGN_IDENTITY = "iPhone Developer";
				"CODE_SIGN_IDENTITY[sdk=iphoneos*]" = "iPhone Developer";
				FRAMEWORK_SEARCH_PATHS = "$(inherited)";
				INFOPLIST_FILE = pieceSampleTests/Info.plist;
				LD_RUNPATH_SEARCH_PATHS = "$(inherited) @executable_path/Frameworks @loader_path/Frameworks";
				PRODUCT_BUNDLE_IDENTIFIER = "jp.co.jokerpiece.$(PRODUCT_NAME:rfc1034identifier)";
				PRODUCT_NAME = "$(TARGET_NAME)";
				PROVISIONING_PROFILE = "";
				TEST_HOST = "$(BUILT_PRODUCTS_DIR)/pieceSample.app/pieceSample";
			};
			name = Release;
		};
/* End XCBuildConfiguration section */

/* Begin XCConfigurationList section */
		37E3EA4D1AA45F6800EA7CB9 /* Build configuration list for PBXProject "pieceSample" */ = {
			isa = XCConfigurationList;
			buildConfigurations = (
				37E3EA731AA45F6800EA7CB9 /* Debug */,
				37E3EA741AA45F6800EA7CB9 /* Release */,
			);
			defaultConfigurationIsVisible = 0;
			defaultConfigurationName = Release;
		};
		37E3EA751AA45F6800EA7CB9 /* Build configuration list for PBXNativeTarget "pieceSample" */ = {
			isa = XCConfigurationList;
			buildConfigurations = (
				37E3EA761AA45F6800EA7CB9 /* Debug */,
				37E3EA771AA45F6800EA7CB9 /* Release */,
			);
			defaultConfigurationIsVisible = 0;
			defaultConfigurationName = Release;
		};
		37E3EA781AA45F6800EA7CB9 /* Build configuration list for PBXNativeTarget "pieceSampleTests" */ = {
			isa = XCConfigurationList;
			buildConfigurations = (
				37E3EA791AA45F6800EA7CB9 /* Debug */,
				37E3EA7A1AA45F6800EA7CB9 /* Release */,
			);
			defaultConfigurationIsVisible = 0;
			defaultConfigurationName = Release;
		};
/* End XCConfigurationList section */
	};
	rootObject = 37E3EA4A1AA45F6800EA7CB9 /* Project object */;
}
